
Microsoft Visual Studio Solution File, Format Version 12.00
# Visual Studio 2013
VisualStudioVersion = 12.0.31101.0
MinimumVisualStudioVersion = 10.0.40219.1
Project("{2150E333-8FDC-42A3-9474-1A3956D46DE8}") = "Core", "Core", "{2675E160-FF7B-409D-87FC-41EF1F170A7C}"
EndProject
Project("{2150E333-8FDC-42A3-9474-1A3956D46DE8}") = "Tests", "Tests", "{2EA23B38-B707-4697-BBF6-882ABA02AD54}"
EndProject
Project("{2150E333-8FDC-42A3-9474-1A3956D46DE8}") = "Extensions", "Extensions", "{5E7C52DA-805F-4F37-878B-8DE95F1B92EF}"
EndProject
Project("{2150E333-8FDC-42A3-9474-1A3956D46DE8}") = "Search", "Search", "{464DA96A-08A5-4BB1-99DF-0FFA876AB6C4}"
EndProject
Project("{2150E333-8FDC-42A3-9474-1A3956D46DE8}") = "Workflow", "Workflow", "{F6E00088-6457-4F50-9C16-82F33BBDA007}"
EndProject
Project("{2150E333-8FDC-42A3-9474-1A3956D46DE8}") = "Shipping", "Shipping", "{9F0978C4-8AD6-4CA0-91C8-B0294C83595B}"
EndProject
Project("{2150E333-8FDC-42A3-9474-1A3956D46DE8}") = "Jobs", "Jobs", "{CECDE122-6128-402F-B3B4-4D8C388308D3}"
EndProject
Project("{2150E333-8FDC-42A3-9474-1A3956D46DE8}") = "Presentation", "Presentation", "{3BDA4586-0A60-43CA-BFB6-0095FFD4FAB8}"
EndProject
Project("{2150E333-8FDC-42A3-9474-1A3956D46DE8}") = "Cache", "Cache", "{45EA55AE-61F7-4816-A55F-5DCBF6C00B87}"
EndProject
Project("{FAE04EC0-301F-11D3-BF4B-00C04F79EFBC}") = "SimpleShippingGateway", "src\Extensions\Shipping\SimpleShippingGateway\SimpleShippingGateway.csproj", "{2AD827AA-165D-4C13-8AEA-108F9FA6E96C}"
	ProjectSection(ProjectDependencies) = postProject
		{E7FC9A51-1B39-4BDC-983A-8A059C5FC58B} = {E7FC9A51-1B39-4BDC-983A-8A059C5FC58B}
	EndProjectSection
EndProject
Project("{FAE04EC0-301F-11D3-BF4B-00C04F79EFBC}") = "VirtoCommerce.Search.Index", "src\Extensions\Search\IndexingProviders\VirtoCommerce.Search.Index.csproj", "{9F5493C4-0080-4BB5-9C12-25D0CDBEA2DD}"
	ProjectSection(ProjectDependencies) = postProject
		{E7FC9A51-1B39-4BDC-983A-8A059C5FC58B} = {E7FC9A51-1B39-4BDC-983A-8A059C5FC58B}
		{BB168A74-0F1E-43BE-A616-134902238B80} = {BB168A74-0F1E-43BE-A616-134902238B80}
	EndProjectSection
EndProject
Project("{FAE04EC0-301F-11D3-BF4B-00C04F79EFBC}") = "CommerceFoundation.Data", "src\Core\CommerceFoundation.Data\CommerceFoundation.Data.csproj", "{BB168A74-0F1E-43BE-A616-134902238B80}"
	ProjectSection(ProjectDependencies) = postProject
		{E7FC9A51-1B39-4BDC-983A-8A059C5FC58B} = {E7FC9A51-1B39-4BDC-983A-8A059C5FC58B}
	EndProjectSection
EndProject
Project("{FAE04EC0-301F-11D3-BF4B-00C04F79EFBC}") = "CommerceFoundation", "src\Core\CommerceFoundation\CommerceFoundation.csproj", "{E7FC9A51-1B39-4BDC-983A-8A059C5FC58B}"
EndProject
Project("{FAE04EC0-301F-11D3-BF4B-00C04F79EFBC}") = "OrderWorkflowActivities", "src\Extensions\Workflow\OrderWorkflowActivities\OrderWorkflowActivities.csproj", "{930184F0-9508-4C17-8AAE-1141A00C43A5}"
	ProjectSection(ProjectDependencies) = postProject
		{9179B790-1F77-475F-B6EF-0B567D5CE8E0} = {9179B790-1F77-475F-B6EF-0B567D5CE8E0}
	EndProjectSection
EndProject
Project("{FAE04EC0-301F-11D3-BF4B-00C04F79EFBC}") = "OrderWorkflow", "src\Extensions\Workflow\OrderWorkflow\OrderWorkflow.csproj", "{196FF814-152F-416D-82AB-9B1DF3323839}"
EndProject
Project("{FAE04EC0-301F-11D3-BF4B-00C04F79EFBC}") = "ElasticSearchProvider", "src\Extensions\Search\ElasticSearchProvider\ElasticSearchProvider.csproj", "{039E7914-2925-44C4-ACAD-6BCCFA2A370E}"
EndProject
Project("{FAE04EC0-301F-11D3-BF4B-00C04F79EFBC}") = "VirtoCommerce.Caching.AppFabric", "src\Extensions\Cache\AppFabricCacheService\VirtoCommerce.Caching.AppFabric.csproj", "{C67724E6-4EBC-4BE8-B639-8C2CD0CFFD59}"
EndProject
Project("{FAE04EC0-301F-11D3-BF4B-00C04F79EFBC}") = "VirtoCommerce.Caching.HttpCache", "src\Extensions\Cache\VirtoCommerce.Caching.HttpCache\VirtoCommerce.Caching.HttpCache.csproj", "{3FE4EB14-557A-46BC-94AD-2E9874F85ACE}"
EndProject
Project("{FAE04EC0-301F-11D3-BF4B-00C04F79EFBC}") = "SchedulingLib", "src\Extensions\Jobs\SchedulingLib\SchedulingLib.csproj", "{7BF794D6-39B2-4A69-9371-F35DF8D53E88}"
EndProject
Project("{FAE04EC0-301F-11D3-BF4B-00C04F79EFBC}") = "UnitTests", "Tests\UnitTests\UnitTests.csproj", "{2465FF0C-BE5D-4371-8E65-7DE3DDA15516}"
	ProjectSection(ProjectDependencies) = postProject
		{5DCF1227-2E84-4AA2-A8D2-5894C1E6FF5F} = {5DCF1227-2E84-4AA2-A8D2-5894C1E6FF5F}
	EndProjectSection
EndProject
Project("{2150E333-8FDC-42A3-9474-1A3956D46DE8}") = "Setup", "Setup", "{019BD24E-4A1D-4C01-BB52-F608CC36EC4C}"
EndProject
Project("{FAE04EC0-301F-11D3-BF4B-00C04F79EFBC}") = "VirtoCommerce.PowerShell", "src\Extensions\Setup\VirtoCommerce.PowerShell\VirtoCommerce.PowerShell.csproj", "{98748B0A-4C04-4E70-A4EF-7CBAE5959D18}"
EndProject
Project("{FAE04EC0-301F-11D3-BF4B-00C04F79EFBC}") = "StoreWebApp", "src\Presentation\FrontEnd\StoreWebApp\StoreWebApp.csproj", "{5E7A5F66-7788-4C9B-8EEB-A3EE9149B87B}"
	ProjectSection(ProjectDependencies) = postProject
		{F4831210-2600-444F-8510-2BD825E3F13B} = {F4831210-2600-444F-8510-2BD825E3F13B}
		{E3769352-34C8-41A9-A6C8-DA95D7DFF903} = {E3769352-34C8-41A9-A6C8-DA95D7DFF903}
		{BFC7B47D-A7EE-4693-9334-5084C09C3D31} = {BFC7B47D-A7EE-4693-9334-5084C09C3D31}
		{C5A05C8F-6BA8-4CE7-9830-0E4870D1E272} = {C5A05C8F-6BA8-4CE7-9830-0E4870D1E272}
		{9179B790-1F77-475F-B6EF-0B567D5CE8E0} = {9179B790-1F77-475F-B6EF-0B567D5CE8E0}
		{8F364FCD-E08E-42C1-AB83-1D9790FB1426} = {8F364FCD-E08E-42C1-AB83-1D9790FB1426}
	EndProjectSection
EndProject
Project("{2150E333-8FDC-42A3-9474-1A3956D46DE8}") = "FrontEnd", "FrontEnd", "{B5987D54-8BC5-4588-A2E2-72DD0EEC338E}"
EndProject
Project("{2150E333-8FDC-42A3-9474-1A3956D46DE8}") = "Payments", "Payments", "{B96FE56E-D29E-4EE2-90D4-0AA993563D05}"
EndProject
Project("{FAE04EC0-301F-11D3-BF4B-00C04F79EFBC}") = "PaymentGateways", "src\Extensions\Payments\PaymentGateways\PaymentGateways.csproj", "{8F364FCD-E08E-42C1-AB83-1D9790FB1426}"
EndProject
Project("{2150E333-8FDC-42A3-9474-1A3956D46DE8}") = "Clients", "Clients", "{B23D71DE-DC4A-4783-AEE4-6C6CDF0EE4EB}"
EndProject
Project("{FAE04EC0-301F-11D3-BF4B-00C04F79EFBC}") = "CommerceClient", "src\Extensions\Client\CommerceClient\CommerceClient.csproj", "{9179B790-1F77-475F-B6EF-0B567D5CE8E0}"
EndProject
Project("{FAE04EC0-301F-11D3-BF4B-00C04F79EFBC}") = "CommerceWebClient", "src\Extensions\Client\CommerceWebClient\CommerceWebClient.csproj", "{C5A05C8F-6BA8-4CE7-9830-0E4870D1E272}"
EndProject
Project("{2150E333-8FDC-42A3-9474-1A3956D46DE8}") = "Admin", "Admin", "{2C4CBAC6-17BD-4EC5-A378-93BAADF3DDF6}"
EndProject
Project("{FAE04EC0-301F-11D3-BF4B-00C04F79EFBC}") = "Presentation.Main", "src\Presentation\Admin\Presentation.Main\Presentation.Main.csproj", "{C63B4116-AA04-451D-ABCD-49F80A0A7DF7}"
	ProjectSection(ProjectDependencies) = postProject
		{8BB93B26-6C0A-44ED-B5A6-A21364CC4C34} = {8BB93B26-6C0A-44ED-B5A6-A21364CC4C34}
		{5DCF1227-2E84-4AA2-A8D2-5894C1E6FF5F} = {5DCF1227-2E84-4AA2-A8D2-5894C1E6FF5F}
		{F0D68841-A0D8-41E1-B116-A35307F6657D} = {F0D68841-A0D8-41E1-B116-A35307F6657D}
		{64FA8A5F-A814-49F3-9661-AA05AAD59913} = {64FA8A5F-A814-49F3-9661-AA05AAD59913}
		{4B2CBB79-86C2-4F09-A5DB-DBEA27330C90} = {4B2CBB79-86C2-4F09-A5DB-DBEA27330C90}
		{9E551181-E3BF-450C-B9AB-1097C6CAA3A8} = {9E551181-E3BF-450C-B9AB-1097C6CAA3A8}
		{F0497F8D-B4A3-4B02-9BED-804FC332E8A3} = {F0497F8D-B4A3-4B02-9BED-804FC332E8A3}
		{D821E0C3-5D53-429B-AF8F-785E77B82FE0} = {D821E0C3-5D53-429B-AF8F-785E77B82FE0}
		{315535F9-143C-41F0-8554-93708DD1091F} = {315535F9-143C-41F0-8554-93708DD1091F}
	EndProjectSection
EndProject
Project("{FAE04EC0-301F-11D3-BF4B-00C04F79EFBC}") = "Presentation.AppConfig", "src\Presentation\Admin\Presentation.AppConfig\Presentation.AppConfig.csproj", "{9E551181-E3BF-450C-B9AB-1097C6CAA3A8}"
	ProjectSection(ProjectDependencies) = postProject
		{F0D68841-A0D8-41E1-B116-A35307F6657D} = {F0D68841-A0D8-41E1-B116-A35307F6657D}
		{4B2CBB79-86C2-4F09-A5DB-DBEA27330C90} = {4B2CBB79-86C2-4F09-A5DB-DBEA27330C90}
		{D821E0C3-5D53-429B-AF8F-785E77B82FE0} = {D821E0C3-5D53-429B-AF8F-785E77B82FE0}
	EndProjectSection
EndProject
Project("{FAE04EC0-301F-11D3-BF4B-00C04F79EFBC}") = "Presentation.Application", "src\Presentation\Admin\Presentation.Application\Presentation.Application.csproj", "{17F55CEA-DA45-421D-B81C-157A8182E8AF}"
	ProjectSection(ProjectDependencies) = postProject
		{25F62F0B-3260-4802-B65E-5043585528B6} = {25F62F0B-3260-4802-B65E-5043585528B6}
		{8BB93B26-6C0A-44ED-B5A6-A21364CC4C34} = {8BB93B26-6C0A-44ED-B5A6-A21364CC4C34}
		{5DCF1227-2E84-4AA2-A8D2-5894C1E6FF5F} = {5DCF1227-2E84-4AA2-A8D2-5894C1E6FF5F}
		{F0D68841-A0D8-41E1-B116-A35307F6657D} = {F0D68841-A0D8-41E1-B116-A35307F6657D}
		{3A3D4A4E-EC75-4C29-990B-9B398707CEBA} = {3A3D4A4E-EC75-4C29-990B-9B398707CEBA}
		{64FA8A5F-A814-49F3-9661-AA05AAD59913} = {64FA8A5F-A814-49F3-9661-AA05AAD59913}
		{4B2CBB79-86C2-4F09-A5DB-DBEA27330C90} = {4B2CBB79-86C2-4F09-A5DB-DBEA27330C90}
		{F0497F8D-B4A3-4B02-9BED-804FC332E8A3} = {F0497F8D-B4A3-4B02-9BED-804FC332E8A3}
		{6950A1AB-1FAB-4FE4-ABFC-A878180A4240} = {6950A1AB-1FAB-4FE4-ABFC-A878180A4240}
		{D821E0C3-5D53-429B-AF8F-785E77B82FE0} = {D821E0C3-5D53-429B-AF8F-785E77B82FE0}
		{414E17F3-7333-4C6E-9DC6-09F1614BA047} = {414E17F3-7333-4C6E-9DC6-09F1614BA047}
		{315535F9-143C-41F0-8554-93708DD1091F} = {315535F9-143C-41F0-8554-93708DD1091F}
	EndProjectSection
EndProject
Project("{FAE04EC0-301F-11D3-BF4B-00C04F79EFBC}") = "Presentation.Asset", "src\Presentation\Admin\Presentation.Asset\Presentation.Asset.csproj", "{6950A1AB-1FAB-4FE4-ABFC-A878180A4240}"
	ProjectSection(ProjectDependencies) = postProject
		{5DCF1227-2E84-4AA2-A8D2-5894C1E6FF5F} = {5DCF1227-2E84-4AA2-A8D2-5894C1E6FF5F}
		{D821E0C3-5D53-429B-AF8F-785E77B82FE0} = {D821E0C3-5D53-429B-AF8F-785E77B82FE0}
	EndProjectSection
EndProject
Project("{FAE04EC0-301F-11D3-BF4B-00C04F79EFBC}") = "Presentation.Catalog", "src\Presentation\Admin\Presentation.Catalog\Presentation.Catalog.csproj", "{4B2CBB79-86C2-4F09-A5DB-DBEA27330C90}"
	ProjectSection(ProjectDependencies) = postProject
		{25F62F0B-3260-4802-B65E-5043585528B6} = {25F62F0B-3260-4802-B65E-5043585528B6}
		{5DCF1227-2E84-4AA2-A8D2-5894C1E6FF5F} = {5DCF1227-2E84-4AA2-A8D2-5894C1E6FF5F}
		{D821E0C3-5D53-429B-AF8F-785E77B82FE0} = {D821E0C3-5D53-429B-AF8F-785E77B82FE0}
		{414E17F3-7333-4C6E-9DC6-09F1614BA047} = {414E17F3-7333-4C6E-9DC6-09F1614BA047}
	EndProjectSection
EndProject
Project("{FAE04EC0-301F-11D3-BF4B-00C04F79EFBC}") = "Presentation.Configuration", "src\Presentation\Admin\Presentation.Configuration\Presentation.Configuration.csproj", "{F0D68841-A0D8-41E1-B116-A35307F6657D}"
	ProjectSection(ProjectDependencies) = postProject
		{D821E0C3-5D53-429B-AF8F-785E77B82FE0} = {D821E0C3-5D53-429B-AF8F-785E77B82FE0}
	EndProjectSection
EndProject
Project("{FAE04EC0-301F-11D3-BF4B-00C04F79EFBC}") = "Presentation.Core", "src\Presentation\Admin\Presentation.Core\Presentation.Core.csproj", "{D821E0C3-5D53-429B-AF8F-785E77B82FE0}"
EndProject
Project("{FAE04EC0-301F-11D3-BF4B-00C04F79EFBC}") = "Presentation.Customers", "src\Presentation\Admin\Presentation.CustomerService\Presentation.Customers.csproj", "{8BB93B26-6C0A-44ED-B5A6-A21364CC4C34}"
	ProjectSection(ProjectDependencies) = postProject
		{5DCF1227-2E84-4AA2-A8D2-5894C1E6FF5F} = {5DCF1227-2E84-4AA2-A8D2-5894C1E6FF5F}
	EndProjectSection
EndProject
Project("{FAE04EC0-301F-11D3-BF4B-00C04F79EFBC}") = "Presentation.DynamicContent", "src\Presentation\Admin\Presentation.DynamicContent\Presentation.DynamicContent.csproj", "{64FA8A5F-A814-49F3-9661-AA05AAD59913}"
EndProject
Project("{FAE04EC0-301F-11D3-BF4B-00C04F79EFBC}") = "Presentation.Fulfillment", "src\Presentation\Admin\Presentation.Fulfillment\Presentation.Fulfillment.csproj", "{3A3D4A4E-EC75-4C29-990B-9B398707CEBA}"
EndProject
Project("{FAE04EC0-301F-11D3-BF4B-00C04F79EFBC}") = "Presentation.Marketing", "src\Presentation\Admin\Presentation.Marketing\Presentation.Marketing.csproj", "{315535F9-143C-41F0-8554-93708DD1091F}"
	ProjectSection(ProjectDependencies) = postProject
		{5DCF1227-2E84-4AA2-A8D2-5894C1E6FF5F} = {5DCF1227-2E84-4AA2-A8D2-5894C1E6FF5F}
	EndProjectSection
EndProject
Project("{FAE04EC0-301F-11D3-BF4B-00C04F79EFBC}") = "Presentation.Order", "src\Presentation\Admin\Presentation.Order\Presentation.Order.csproj", "{F0497F8D-B4A3-4B02-9BED-804FC332E8A3}"
	ProjectSection(ProjectDependencies) = postProject
		{25F62F0B-3260-4802-B65E-5043585528B6} = {25F62F0B-3260-4802-B65E-5043585528B6}
		{5DCF1227-2E84-4AA2-A8D2-5894C1E6FF5F} = {5DCF1227-2E84-4AA2-A8D2-5894C1E6FF5F}
	EndProjectSection
EndProject
Project("{FAE04EC0-301F-11D3-BF4B-00C04F79EFBC}") = "Presentation.Security", "src\Presentation\Admin\Presentation.Security\Presentation.Security.csproj", "{5DCF1227-2E84-4AA2-A8D2-5894C1E6FF5F}"
EndProject
Project("{2150E333-8FDC-42A3-9474-1A3956D46DE8}") = "Azure", "Azure", "{82A84146-05E1-4075-B56D-B4FA4A89F314}"
EndProject
Project("{FAE04EC0-301F-11D3-BF4B-00C04F79EFBC}") = "CommerceFoundation.Data.Azure", "src\Extensions\Azure\CommerceFoundation.Data.Azure\CommerceFoundation.Data.Azure.csproj", "{E3769352-34C8-41A9-A6C8-DA95D7DFF903}"
EndProject
Project("{FAE04EC0-301F-11D3-BF4B-00C04F79EFBC}") = "Presentation.Reviews", "src\Presentation\Admin\Presentation.Reviews\Presentation.Reviews.csproj", "{414E17F3-7333-4C6E-9DC6-09F1614BA047}"
EndProject
Project("{FAE04EC0-301F-11D3-BF4B-00C04F79EFBC}") = "Presentation.Import", "src\Presentation\Admin\Presentation.Import\Presentation.Import.csproj", "{25F62F0B-3260-4802-B65E-5043585528B6}"
EndProject
Project("{FAE04EC0-301F-11D3-BF4B-00C04F79EFBC}") = "VirtoCommerce.PowerShell.Tests", "src\Extensions\Setup\VirtoCommerce.PowerShell.Tests\VirtoCommerce.PowerShell.Tests.csproj", "{90AE6DE4-E330-4814-8000-95BCFEC26DBA}"
	ProjectSection(ProjectDependencies) = postProject
		{BFC7B47D-A7EE-4693-9334-5084C09C3D31} = {BFC7B47D-A7EE-4693-9334-5084C09C3D31}
	EndProjectSection
EndProject
Project("{FAE04EC0-301F-11D3-BF4B-00C04F79EFBC}") = "AzureSchedulingLib", "src\Extensions\Jobs\AzureSchedulingLib\AzureSchedulingLib.csproj", "{1BBC47C6-DB1D-4C85-B5CC-6D48F9ABA146}"
	ProjectSection(ProjectDependencies) = postProject
		{BFC7B47D-A7EE-4693-9334-5084C09C3D31} = {BFC7B47D-A7EE-4693-9334-5084C09C3D31}
	EndProjectSection
EndProject
Project("{FAE04EC0-301F-11D3-BF4B-00C04F79EFBC}") = "ServerJobs", "src\Extensions\Jobs\VirtoCommerceJobs\ServerJobs.csproj", "{BFC7B47D-A7EE-4693-9334-5084C09C3D31}"
EndProject
Project("{2150E333-8FDC-42A3-9474-1A3956D46DE8}") = "Azure", "Azure", "{DD917BFE-4A90-4F60-90A2-645DBD016EBB}"
EndProject
Project("{2150E333-8FDC-42A3-9474-1A3956D46DE8}") = "WebRoles", "WebRoles", "{5F14CFD8-2255-4EF2-A28D-4B6F509DEAE1}"
EndProject
Project("{2150E333-8FDC-42A3-9474-1A3956D46DE8}") = "WorkerRoles", "WorkerRoles", "{D363E16C-C28E-4BF4-ACA3-99E6083BA1FA}"
EndProject
Project("{2150E333-8FDC-42A3-9474-1A3956D46DE8}") = "Search", "Search", "{A613C589-6AB6-47C2-A8F0-CCF19687AF8F}"
EndProject
Project("{FAE04EC0-301F-11D3-BF4B-00C04F79EFBC}") = "ESWorkerRole", "src\Azure\WorkerRoles\Search\ESWorkerRole\ESWorkerRole.csproj", "{8CDB4D88-BCCF-4B32-8F4E-F9438A714FBE}"
EndProject
Project("{CC5FD16D-436D-48AD-A40C-5A424C6E3E79}") = "ElasticSearch", "src\Azure\WorkerRoles\Search\ElasticSearch\ElasticSearch.ccproj", "{D8346A15-2725-493B-A08F-E987D045E614}"
EndProject
Project("{2150E333-8FDC-42A3-9474-1A3956D46DE8}") = "Scheduler", "Scheduler", "{FECC89B7-B1E1-497B-B64D-A8ACD92BD4A4}"
EndProject
Project("{CC5FD16D-436D-48AD-A40C-5A424C6E3E79}") = "AzureScheduler", "src\Azure\WorkerRoles\Scheduler\AzureScheduler\AzureScheduler.ccproj", "{2731A396-AF95-483D-AC46-C7EC2246C963}"
EndProject
Project("{FAE04EC0-301F-11D3-BF4B-00C04F79EFBC}") = "Commerce.JobWorkerRole", "src\Azure\WorkerRoles\Scheduler\SchedulerWorkerRole\Commerce.JobWorkerRole.csproj", "{8ACF62DF-41C7-4CD8-98B1-566A9B17E82F}"
EndProject
Project("{2150E333-8FDC-42A3-9474-1A3956D46DE8}") = "Frontend", "Frontend", "{8820DBC1-A4DA-4C80-84D0-E3581F46E93F}"
EndProject
Project("{CC5FD16D-436D-48AD-A40C-5A424C6E3E79}") = "CommerceSite", "src\Azure\WebRoles\Frontend\CommerceSite\CommerceSite.ccproj", "{5C1D0949-50AD-499E-96E3-B6973A23FAF8}"
EndProject
Project("{2150E333-8FDC-42A3-9474-1A3956D46DE8}") = ".nuget", ".nuget", "{479FE547-2E03-41D0-BF51-621D2B4EDAC0}"
	ProjectSection(SolutionItems) = preProject
		.nuget\NuGet.Config = .nuget\NuGet.Config
		.nuget\NuGet.exe = .nuget\NuGet.exe
		.nuget\NuGet.targets = .nuget\NuGet.targets
		.nuget\packages.config = .nuget\packages.config
	EndProjectSection
EndProject
Project("{FAE04EC0-301F-11D3-BF4B-00C04F79EFBC}") = "FunctionalTests", "Tests\FunctionalTests\FunctionalTests.csproj", "{3E38A90D-0CAC-40F5-A62A-28FF92B410D2}"
	ProjectSection(ProjectDependencies) = postProject
		{4882F43B-AE8D-489B-911B-7F9A1D526715} = {4882F43B-AE8D-489B-911B-7F9A1D526715}
	EndProjectSection
EndProject
Project("{FAE04EC0-301F-11D3-BF4B-00C04F79EFBC}") = "UI.FunctionalTests", "Tests\UI.FunctionalTests\UI.FunctionalTests.csproj", "{5B1C8E63-A8D4-4EF1-A1A3-842DE452BE0D}"
EndProject
Project("{FAE04EC0-301F-11D3-BF4B-00C04F79EFBC}") = "Performance.FunctionalTests", "Tests\Performance.FunctionalTests\Performance.FunctionalTests.csproj", "{36E91BFB-0F96-4C31-9D41-0CC37CDD8BCC}"
EndProject
Project("{FAE04EC0-301F-11D3-BF4B-00C04F79EFBC}") = "UI.FunctionalTests.Helpers", "Tests\UI.FunctionalTests.Helpers\UI.FunctionalTests.Helpers.csproj", "{DE81746A-92B8-4458-8313-1AD8C699D696}"
EndProject
Project("{FAE04EC0-301F-11D3-BF4B-00C04F79EFBC}") = "UI.FrontEnd.FunctionalTests", "Tests\UI.FrontEnd.FunctionalTests\UI.FrontEnd.FunctionalTests.csproj", "{7C4E66FC-927B-4785-9B3F-238AB75C0D6E}"
EndProject
Project("{FAE04EC0-301F-11D3-BF4B-00C04F79EFBC}") = "WindowsServerSchedulingLib", "src\Extensions\Jobs\WindowsServerSchedulingLib\WindowsServerSchedulingLib.csproj", "{F4831210-2600-444F-8510-2BD825E3F13B}"
EndProject
Project("{FAE04EC0-301F-11D3-BF4B-00C04F79EFBC}") = "LuceneSearchProvider", "src\Extensions\Search\LuceneSearchProvider\LuceneSearchProvider.csproj", "{4882F43B-AE8D-489B-911B-7F9A1D526715}"
EndProject
Project("{FAE04EC0-301F-11D3-BF4B-00C04F79EFBC}") = "Presentation.Reporting", "src\Presentation\Admin\Presentation.Reporting\Presentation.Reporting.csproj", "{2044B7A5-4050-4745-A430-6E29D7AB47C9}"
EndProject
Project("{FAE04EC0-301F-11D3-BF4B-00C04F79EFBC}") = "Presentation.Localization", "src\Presentation\Admin\Presentation.Localization\Presentation.Localization.csproj", "{10A07A08-2934-4338-B8BD-B89BDC1D014E}"
EndProject
Project("{FAE04EC0-301F-11D3-BF4B-00C04F79EFBC}") = "AzureSearchProvider", "src\Extensions\Search\AzureSearchProvider\AzureSearchProvider.csproj", "{B7A061D8-6D0A-4996-B222-6611715F516B}"
EndProject
Project("{FAE04EC0-301F-11D3-BF4B-00C04F79EFBC}") = "SchedulerConsole", "src\Extensions\Jobs\SchedulerConsole\SchedulerConsole.csproj", "{7AB6B367-1BC3-474B-982D-B50B32B1574A}"
EndProject
Project("{2150E333-8FDC-42A3-9474-1A3956D46DE8}") = "Logging", "Logging", "{7F4999F5-7952-4F64-9285-61A77E1F0890}"
EndProject
Project("{FAE04EC0-301F-11D3-BF4B-00C04F79EFBC}") = "VirtoCommerce.Slab", "src\Extensions\Logging\VirtoCommerce.Slab.csproj", "{8DCDA1BC-E983-4DBB-98B6-320847ACCDFE}"
EndProject
Project("{FAE04EC0-301F-11D3-BF4B-00C04F79EFBC}") = "PublicWebApp", "src\Presentation\FrontEnd\PublicWebApp\PublicWebApp.csproj", "{736303CF-F1F3-4BB4-9647-992E8AF3606A}"
EndProject
Project("{FAE04EC0-301F-11D3-BF4B-00C04F79EFBC}") = "Commerce.ApiClient", "src\Extensions\Client\Commerce.ApiClient\Commerce.ApiClient.csproj", "{84B945B7-85E4-4057-B0DF-1F8A03B8D53C}"
EndProject
Project("{FAE04EC0-301F-11D3-BF4B-00C04F79EFBC}") = "Commerce.ApiWebClient", "src\Extensions\Client\Commerce.ApiWebClient\Commerce.ApiWebClient.csproj", "{A67C7412-708C-4978-A666-6B9414BBF696}"
EndProject
Global
	GlobalSection(SolutionConfigurationPlatforms) = preSolution
		Debug|Any CPU = Debug|Any CPU
		DebugLocal|Any CPU = DebugLocal|Any CPU
		Release|Any CPU = Release|Any CPU
	EndGlobalSection
	GlobalSection(ProjectConfigurationPlatforms) = postSolution
		{2AD827AA-165D-4C13-8AEA-108F9FA6E96C}.Debug|Any CPU.ActiveCfg = Debug|Any CPU
		{2AD827AA-165D-4C13-8AEA-108F9FA6E96C}.Debug|Any CPU.Build.0 = Debug|Any CPU
		{2AD827AA-165D-4C13-8AEA-108F9FA6E96C}.DebugLocal|Any CPU.ActiveCfg = Debug|Any CPU
		{2AD827AA-165D-4C13-8AEA-108F9FA6E96C}.DebugLocal|Any CPU.Build.0 = Debug|Any CPU
		{2AD827AA-165D-4C13-8AEA-108F9FA6E96C}.Release|Any CPU.ActiveCfg = Release|Any CPU
		{2AD827AA-165D-4C13-8AEA-108F9FA6E96C}.Release|Any CPU.Build.0 = Release|Any CPU
		{9F5493C4-0080-4BB5-9C12-25D0CDBEA2DD}.Debug|Any CPU.ActiveCfg = Debug|Any CPU
		{9F5493C4-0080-4BB5-9C12-25D0CDBEA2DD}.Debug|Any CPU.Build.0 = Debug|Any CPU
		{9F5493C4-0080-4BB5-9C12-25D0CDBEA2DD}.DebugLocal|Any CPU.ActiveCfg = Debug|Any CPU
		{9F5493C4-0080-4BB5-9C12-25D0CDBEA2DD}.DebugLocal|Any CPU.Build.0 = Debug|Any CPU
		{9F5493C4-0080-4BB5-9C12-25D0CDBEA2DD}.Release|Any CPU.ActiveCfg = Release|Any CPU
		{9F5493C4-0080-4BB5-9C12-25D0CDBEA2DD}.Release|Any CPU.Build.0 = Release|Any CPU
		{BB168A74-0F1E-43BE-A616-134902238B80}.Debug|Any CPU.ActiveCfg = Debug|Any CPU
		{BB168A74-0F1E-43BE-A616-134902238B80}.Debug|Any CPU.Build.0 = Debug|Any CPU
		{BB168A74-0F1E-43BE-A616-134902238B80}.Debug|Any CPU.Deploy.0 = Debug|Any CPU
		{BB168A74-0F1E-43BE-A616-134902238B80}.DebugLocal|Any CPU.ActiveCfg = Debug|Any CPU
		{BB168A74-0F1E-43BE-A616-134902238B80}.DebugLocal|Any CPU.Build.0 = Debug|Any CPU
		{BB168A74-0F1E-43BE-A616-134902238B80}.Release|Any CPU.ActiveCfg = Release|Any CPU
		{BB168A74-0F1E-43BE-A616-134902238B80}.Release|Any CPU.Build.0 = Release|Any CPU
		{E7FC9A51-1B39-4BDC-983A-8A059C5FC58B}.Debug|Any CPU.ActiveCfg = Debug|Any CPU
		{E7FC9A51-1B39-4BDC-983A-8A059C5FC58B}.Debug|Any CPU.Build.0 = Debug|Any CPU
		{E7FC9A51-1B39-4BDC-983A-8A059C5FC58B}.Debug|Any CPU.Deploy.0 = Debug|Any CPU
		{E7FC9A51-1B39-4BDC-983A-8A059C5FC58B}.DebugLocal|Any CPU.ActiveCfg = Debug|Any CPU
		{E7FC9A51-1B39-4BDC-983A-8A059C5FC58B}.DebugLocal|Any CPU.Build.0 = Debug|Any CPU
		{E7FC9A51-1B39-4BDC-983A-8A059C5FC58B}.Release|Any CPU.ActiveCfg = Release|Any CPU
		{E7FC9A51-1B39-4BDC-983A-8A059C5FC58B}.Release|Any CPU.Build.0 = Release|Any CPU
		{930184F0-9508-4C17-8AAE-1141A00C43A5}.Debug|Any CPU.ActiveCfg = Debug|Any CPU
		{930184F0-9508-4C17-8AAE-1141A00C43A5}.Debug|Any CPU.Build.0 = Debug|Any CPU
		{930184F0-9508-4C17-8AAE-1141A00C43A5}.DebugLocal|Any CPU.ActiveCfg = Debug|Any CPU
		{930184F0-9508-4C17-8AAE-1141A00C43A5}.DebugLocal|Any CPU.Build.0 = Debug|Any CPU
		{930184F0-9508-4C17-8AAE-1141A00C43A5}.Release|Any CPU.ActiveCfg = Release|Any CPU
		{930184F0-9508-4C17-8AAE-1141A00C43A5}.Release|Any CPU.Build.0 = Release|Any CPU
		{196FF814-152F-416D-82AB-9B1DF3323839}.Debug|Any CPU.ActiveCfg = Debug|Any CPU
		{196FF814-152F-416D-82AB-9B1DF3323839}.Debug|Any CPU.Build.0 = Debug|Any CPU
		{196FF814-152F-416D-82AB-9B1DF3323839}.DebugLocal|Any CPU.ActiveCfg = Debug|Any CPU
		{196FF814-152F-416D-82AB-9B1DF3323839}.DebugLocal|Any CPU.Build.0 = Debug|Any CPU
		{196FF814-152F-416D-82AB-9B1DF3323839}.Release|Any CPU.ActiveCfg = Release|Any CPU
		{196FF814-152F-416D-82AB-9B1DF3323839}.Release|Any CPU.Build.0 = Release|Any CPU
		{039E7914-2925-44C4-ACAD-6BCCFA2A370E}.Debug|Any CPU.ActiveCfg = Debug|Any CPU
		{039E7914-2925-44C4-ACAD-6BCCFA2A370E}.Debug|Any CPU.Build.0 = Debug|Any CPU
		{039E7914-2925-44C4-ACAD-6BCCFA2A370E}.DebugLocal|Any CPU.ActiveCfg = Debug|Any CPU
		{039E7914-2925-44C4-ACAD-6BCCFA2A370E}.DebugLocal|Any CPU.Build.0 = Debug|Any CPU
		{039E7914-2925-44C4-ACAD-6BCCFA2A370E}.Release|Any CPU.ActiveCfg = Release|Any CPU
		{039E7914-2925-44C4-ACAD-6BCCFA2A370E}.Release|Any CPU.Build.0 = Release|Any CPU
		{C67724E6-4EBC-4BE8-B639-8C2CD0CFFD59}.Debug|Any CPU.ActiveCfg = Debug|Any CPU
		{C67724E6-4EBC-4BE8-B639-8C2CD0CFFD59}.Debug|Any CPU.Build.0 = Debug|Any CPU
		{C67724E6-4EBC-4BE8-B639-8C2CD0CFFD59}.DebugLocal|Any CPU.ActiveCfg = Debug|Any CPU
		{C67724E6-4EBC-4BE8-B639-8C2CD0CFFD59}.DebugLocal|Any CPU.Build.0 = Debug|Any CPU
		{C67724E6-4EBC-4BE8-B639-8C2CD0CFFD59}.Release|Any CPU.ActiveCfg = Release|Any CPU
		{C67724E6-4EBC-4BE8-B639-8C2CD0CFFD59}.Release|Any CPU.Build.0 = Release|Any CPU
		{3FE4EB14-557A-46BC-94AD-2E9874F85ACE}.Debug|Any CPU.ActiveCfg = Debug|Any CPU
		{3FE4EB14-557A-46BC-94AD-2E9874F85ACE}.Debug|Any CPU.Build.0 = Debug|Any CPU
		{3FE4EB14-557A-46BC-94AD-2E9874F85ACE}.DebugLocal|Any CPU.ActiveCfg = Debug|Any CPU
		{3FE4EB14-557A-46BC-94AD-2E9874F85ACE}.DebugLocal|Any CPU.Build.0 = Debug|Any CPU
		{3FE4EB14-557A-46BC-94AD-2E9874F85ACE}.Release|Any CPU.ActiveCfg = Release|Any CPU
		{3FE4EB14-557A-46BC-94AD-2E9874F85ACE}.Release|Any CPU.Build.0 = Release|Any CPU
		{7BF794D6-39B2-4A69-9371-F35DF8D53E88}.Debug|Any CPU.ActiveCfg = Debug|Any CPU
		{7BF794D6-39B2-4A69-9371-F35DF8D53E88}.Debug|Any CPU.Build.0 = Debug|Any CPU
		{7BF794D6-39B2-4A69-9371-F35DF8D53E88}.DebugLocal|Any CPU.ActiveCfg = Debug|Any CPU
		{7BF794D6-39B2-4A69-9371-F35DF8D53E88}.DebugLocal|Any CPU.Build.0 = Debug|Any CPU
		{7BF794D6-39B2-4A69-9371-F35DF8D53E88}.Release|Any CPU.ActiveCfg = Release|Any CPU
		{7BF794D6-39B2-4A69-9371-F35DF8D53E88}.Release|Any CPU.Build.0 = Release|Any CPU
		{2465FF0C-BE5D-4371-8E65-7DE3DDA15516}.Debug|Any CPU.ActiveCfg = Debug|Any CPU
		{2465FF0C-BE5D-4371-8E65-7DE3DDA15516}.Debug|Any CPU.Build.0 = Debug|Any CPU
		{2465FF0C-BE5D-4371-8E65-7DE3DDA15516}.DebugLocal|Any CPU.ActiveCfg = Debug|Any CPU
		{2465FF0C-BE5D-4371-8E65-7DE3DDA15516}.DebugLocal|Any CPU.Build.0 = Debug|Any CPU
		{2465FF0C-BE5D-4371-8E65-7DE3DDA15516}.Release|Any CPU.ActiveCfg = Release|Any CPU
		{2465FF0C-BE5D-4371-8E65-7DE3DDA15516}.Release|Any CPU.Build.0 = Release|Any CPU
		{98748B0A-4C04-4E70-A4EF-7CBAE5959D18}.Debug|Any CPU.ActiveCfg = Debug|Any CPU
		{98748B0A-4C04-4E70-A4EF-7CBAE5959D18}.Debug|Any CPU.Build.0 = Debug|Any CPU
		{98748B0A-4C04-4E70-A4EF-7CBAE5959D18}.DebugLocal|Any CPU.ActiveCfg = Debug|Any CPU
		{98748B0A-4C04-4E70-A4EF-7CBAE5959D18}.DebugLocal|Any CPU.Build.0 = Debug|Any CPU
		{98748B0A-4C04-4E70-A4EF-7CBAE5959D18}.Release|Any CPU.ActiveCfg = Release|Any CPU
		{98748B0A-4C04-4E70-A4EF-7CBAE5959D18}.Release|Any CPU.Build.0 = Release|Any CPU
		{5E7A5F66-7788-4C9B-8EEB-A3EE9149B87B}.Debug|Any CPU.ActiveCfg = Debug|Any CPU
		{5E7A5F66-7788-4C9B-8EEB-A3EE9149B87B}.Debug|Any CPU.Build.0 = Debug|Any CPU
		{5E7A5F66-7788-4C9B-8EEB-A3EE9149B87B}.DebugLocal|Any CPU.ActiveCfg = Debug|Any CPU
		{5E7A5F66-7788-4C9B-8EEB-A3EE9149B87B}.DebugLocal|Any CPU.Build.0 = Debug|Any CPU
		{5E7A5F66-7788-4C9B-8EEB-A3EE9149B87B}.Release|Any CPU.ActiveCfg = Release|Any CPU
		{5E7A5F66-7788-4C9B-8EEB-A3EE9149B87B}.Release|Any CPU.Build.0 = Release|Any CPU
		{8F364FCD-E08E-42C1-AB83-1D9790FB1426}.Debug|Any CPU.ActiveCfg = Debug|Any CPU
		{8F364FCD-E08E-42C1-AB83-1D9790FB1426}.Debug|Any CPU.Build.0 = Debug|Any CPU
		{8F364FCD-E08E-42C1-AB83-1D9790FB1426}.DebugLocal|Any CPU.ActiveCfg = Debug|Any CPU
		{8F364FCD-E08E-42C1-AB83-1D9790FB1426}.DebugLocal|Any CPU.Build.0 = Debug|Any CPU
		{8F364FCD-E08E-42C1-AB83-1D9790FB1426}.Release|Any CPU.ActiveCfg = Release|Any CPU
		{8F364FCD-E08E-42C1-AB83-1D9790FB1426}.Release|Any CPU.Build.0 = Release|Any CPU
		{9179B790-1F77-475F-B6EF-0B567D5CE8E0}.Debug|Any CPU.ActiveCfg = Debug|Any CPU
		{9179B790-1F77-475F-B6EF-0B567D5CE8E0}.Debug|Any CPU.Build.0 = Debug|Any CPU
		{9179B790-1F77-475F-B6EF-0B567D5CE8E0}.DebugLocal|Any CPU.ActiveCfg = Debug|Any CPU
		{9179B790-1F77-475F-B6EF-0B567D5CE8E0}.DebugLocal|Any CPU.Build.0 = Debug|Any CPU
		{9179B790-1F77-475F-B6EF-0B567D5CE8E0}.Release|Any CPU.ActiveCfg = Release|Any CPU
		{9179B790-1F77-475F-B6EF-0B567D5CE8E0}.Release|Any CPU.Build.0 = Release|Any CPU
		{C5A05C8F-6BA8-4CE7-9830-0E4870D1E272}.Debug|Any CPU.ActiveCfg = Debug|Any CPU
		{C5A05C8F-6BA8-4CE7-9830-0E4870D1E272}.Debug|Any CPU.Build.0 = Debug|Any CPU
		{C5A05C8F-6BA8-4CE7-9830-0E4870D1E272}.DebugLocal|Any CPU.ActiveCfg = Debug|Any CPU
		{C5A05C8F-6BA8-4CE7-9830-0E4870D1E272}.DebugLocal|Any CPU.Build.0 = Debug|Any CPU
		{C5A05C8F-6BA8-4CE7-9830-0E4870D1E272}.Release|Any CPU.ActiveCfg = Release|Any CPU
		{C5A05C8F-6BA8-4CE7-9830-0E4870D1E272}.Release|Any CPU.Build.0 = Release|Any CPU
		{C63B4116-AA04-451D-ABCD-49F80A0A7DF7}.Debug|Any CPU.ActiveCfg = Debug|Any CPU
		{C63B4116-AA04-451D-ABCD-49F80A0A7DF7}.Debug|Any CPU.Build.0 = Debug|Any CPU
		{C63B4116-AA04-451D-ABCD-49F80A0A7DF7}.DebugLocal|Any CPU.ActiveCfg = Debug|Any CPU
		{C63B4116-AA04-451D-ABCD-49F80A0A7DF7}.DebugLocal|Any CPU.Build.0 = Debug|Any CPU
		{C63B4116-AA04-451D-ABCD-49F80A0A7DF7}.Release|Any CPU.ActiveCfg = Release|Any CPU
		{C63B4116-AA04-451D-ABCD-49F80A0A7DF7}.Release|Any CPU.Build.0 = Release|Any CPU
		{9E551181-E3BF-450C-B9AB-1097C6CAA3A8}.Debug|Any CPU.ActiveCfg = Debug|Any CPU
		{9E551181-E3BF-450C-B9AB-1097C6CAA3A8}.Debug|Any CPU.Build.0 = Debug|Any CPU
		{9E551181-E3BF-450C-B9AB-1097C6CAA3A8}.DebugLocal|Any CPU.ActiveCfg = Debug|Any CPU
		{9E551181-E3BF-450C-B9AB-1097C6CAA3A8}.DebugLocal|Any CPU.Build.0 = Debug|Any CPU
		{9E551181-E3BF-450C-B9AB-1097C6CAA3A8}.Release|Any CPU.ActiveCfg = Release|Any CPU
		{9E551181-E3BF-450C-B9AB-1097C6CAA3A8}.Release|Any CPU.Build.0 = Release|Any CPU
		{17F55CEA-DA45-421D-B81C-157A8182E8AF}.Debug|Any CPU.ActiveCfg = Debug|Any CPU
		{17F55CEA-DA45-421D-B81C-157A8182E8AF}.Debug|Any CPU.Build.0 = Debug|Any CPU
		{17F55CEA-DA45-421D-B81C-157A8182E8AF}.DebugLocal|Any CPU.ActiveCfg = Debug|Any CPU
		{17F55CEA-DA45-421D-B81C-157A8182E8AF}.DebugLocal|Any CPU.Build.0 = Debug|Any CPU
		{17F55CEA-DA45-421D-B81C-157A8182E8AF}.Release|Any CPU.ActiveCfg = Release|Any CPU
		{17F55CEA-DA45-421D-B81C-157A8182E8AF}.Release|Any CPU.Build.0 = Release|Any CPU
		{6950A1AB-1FAB-4FE4-ABFC-A878180A4240}.Debug|Any CPU.ActiveCfg = Debug|Any CPU
		{6950A1AB-1FAB-4FE4-ABFC-A878180A4240}.Debug|Any CPU.Build.0 = Debug|Any CPU
		{6950A1AB-1FAB-4FE4-ABFC-A878180A4240}.DebugLocal|Any CPU.ActiveCfg = Debug|Any CPU
		{6950A1AB-1FAB-4FE4-ABFC-A878180A4240}.DebugLocal|Any CPU.Build.0 = Debug|Any CPU
		{6950A1AB-1FAB-4FE4-ABFC-A878180A4240}.Release|Any CPU.ActiveCfg = Release|Any CPU
		{6950A1AB-1FAB-4FE4-ABFC-A878180A4240}.Release|Any CPU.Build.0 = Release|Any CPU
		{4B2CBB79-86C2-4F09-A5DB-DBEA27330C90}.Debug|Any CPU.ActiveCfg = Debug|Any CPU
		{4B2CBB79-86C2-4F09-A5DB-DBEA27330C90}.Debug|Any CPU.Build.0 = Debug|Any CPU
		{4B2CBB79-86C2-4F09-A5DB-DBEA27330C90}.DebugLocal|Any CPU.ActiveCfg = Debug|Any CPU
		{4B2CBB79-86C2-4F09-A5DB-DBEA27330C90}.DebugLocal|Any CPU.Build.0 = Debug|Any CPU
		{4B2CBB79-86C2-4F09-A5DB-DBEA27330C90}.Release|Any CPU.ActiveCfg = Release|Any CPU
		{4B2CBB79-86C2-4F09-A5DB-DBEA27330C90}.Release|Any CPU.Build.0 = Release|Any CPU
		{F0D68841-A0D8-41E1-B116-A35307F6657D}.Debug|Any CPU.ActiveCfg = Debug|Any CPU
		{F0D68841-A0D8-41E1-B116-A35307F6657D}.Debug|Any CPU.Build.0 = Debug|Any CPU
		{F0D68841-A0D8-41E1-B116-A35307F6657D}.DebugLocal|Any CPU.ActiveCfg = Debug|Any CPU
		{F0D68841-A0D8-41E1-B116-A35307F6657D}.DebugLocal|Any CPU.Build.0 = Debug|Any CPU
		{F0D68841-A0D8-41E1-B116-A35307F6657D}.Release|Any CPU.ActiveCfg = Release|Any CPU
		{F0D68841-A0D8-41E1-B116-A35307F6657D}.Release|Any CPU.Build.0 = Release|Any CPU
		{D821E0C3-5D53-429B-AF8F-785E77B82FE0}.Debug|Any CPU.ActiveCfg = Debug|Any CPU
		{D821E0C3-5D53-429B-AF8F-785E77B82FE0}.Debug|Any CPU.Build.0 = Debug|Any CPU
		{D821E0C3-5D53-429B-AF8F-785E77B82FE0}.DebugLocal|Any CPU.ActiveCfg = Debug|Any CPU
		{D821E0C3-5D53-429B-AF8F-785E77B82FE0}.DebugLocal|Any CPU.Build.0 = Debug|Any CPU
		{D821E0C3-5D53-429B-AF8F-785E77B82FE0}.Release|Any CPU.ActiveCfg = Release|Any CPU
		{D821E0C3-5D53-429B-AF8F-785E77B82FE0}.Release|Any CPU.Build.0 = Release|Any CPU
		{8BB93B26-6C0A-44ED-B5A6-A21364CC4C34}.Debug|Any CPU.ActiveCfg = Debug|Any CPU
		{8BB93B26-6C0A-44ED-B5A6-A21364CC4C34}.Debug|Any CPU.Build.0 = Debug|Any CPU
		{8BB93B26-6C0A-44ED-B5A6-A21364CC4C34}.DebugLocal|Any CPU.ActiveCfg = Debug|Any CPU
		{8BB93B26-6C0A-44ED-B5A6-A21364CC4C34}.DebugLocal|Any CPU.Build.0 = Debug|Any CPU
		{8BB93B26-6C0A-44ED-B5A6-A21364CC4C34}.Release|Any CPU.ActiveCfg = Release|Any CPU
		{8BB93B26-6C0A-44ED-B5A6-A21364CC4C34}.Release|Any CPU.Build.0 = Release|Any CPU
		{64FA8A5F-A814-49F3-9661-AA05AAD59913}.Debug|Any CPU.ActiveCfg = Debug|Any CPU
		{64FA8A5F-A814-49F3-9661-AA05AAD59913}.Debug|Any CPU.Build.0 = Debug|Any CPU
		{64FA8A5F-A814-49F3-9661-AA05AAD59913}.DebugLocal|Any CPU.ActiveCfg = Debug|Any CPU
		{64FA8A5F-A814-49F3-9661-AA05AAD59913}.DebugLocal|Any CPU.Build.0 = Debug|Any CPU
		{64FA8A5F-A814-49F3-9661-AA05AAD59913}.Release|Any CPU.ActiveCfg = Release|Any CPU
		{64FA8A5F-A814-49F3-9661-AA05AAD59913}.Release|Any CPU.Build.0 = Release|Any CPU
		{3A3D4A4E-EC75-4C29-990B-9B398707CEBA}.Debug|Any CPU.ActiveCfg = Debug|Any CPU
		{3A3D4A4E-EC75-4C29-990B-9B398707CEBA}.Debug|Any CPU.Build.0 = Debug|Any CPU
		{3A3D4A4E-EC75-4C29-990B-9B398707CEBA}.DebugLocal|Any CPU.ActiveCfg = Debug|Any CPU
		{3A3D4A4E-EC75-4C29-990B-9B398707CEBA}.DebugLocal|Any CPU.Build.0 = Debug|Any CPU
		{3A3D4A4E-EC75-4C29-990B-9B398707CEBA}.Release|Any CPU.ActiveCfg = Release|Any CPU
		{3A3D4A4E-EC75-4C29-990B-9B398707CEBA}.Release|Any CPU.Build.0 = Release|Any CPU
		{315535F9-143C-41F0-8554-93708DD1091F}.Debug|Any CPU.ActiveCfg = Debug|Any CPU
		{315535F9-143C-41F0-8554-93708DD1091F}.Debug|Any CPU.Build.0 = Debug|Any CPU
		{315535F9-143C-41F0-8554-93708DD1091F}.DebugLocal|Any CPU.ActiveCfg = Debug|Any CPU
		{315535F9-143C-41F0-8554-93708DD1091F}.DebugLocal|Any CPU.Build.0 = Debug|Any CPU
		{315535F9-143C-41F0-8554-93708DD1091F}.Release|Any CPU.ActiveCfg = Release|Any CPU
		{315535F9-143C-41F0-8554-93708DD1091F}.Release|Any CPU.Build.0 = Release|Any CPU
		{F0497F8D-B4A3-4B02-9BED-804FC332E8A3}.Debug|Any CPU.ActiveCfg = Debug|Any CPU
		{F0497F8D-B4A3-4B02-9BED-804FC332E8A3}.Debug|Any CPU.Build.0 = Debug|Any CPU
		{F0497F8D-B4A3-4B02-9BED-804FC332E8A3}.DebugLocal|Any CPU.ActiveCfg = Debug|Any CPU
		{F0497F8D-B4A3-4B02-9BED-804FC332E8A3}.DebugLocal|Any CPU.Build.0 = Debug|Any CPU
		{F0497F8D-B4A3-4B02-9BED-804FC332E8A3}.Release|Any CPU.ActiveCfg = Release|Any CPU
		{F0497F8D-B4A3-4B02-9BED-804FC332E8A3}.Release|Any CPU.Build.0 = Release|Any CPU
		{5DCF1227-2E84-4AA2-A8D2-5894C1E6FF5F}.Debug|Any CPU.ActiveCfg = Debug|Any CPU
		{5DCF1227-2E84-4AA2-A8D2-5894C1E6FF5F}.Debug|Any CPU.Build.0 = Debug|Any CPU
		{5DCF1227-2E84-4AA2-A8D2-5894C1E6FF5F}.DebugLocal|Any CPU.ActiveCfg = Debug|Any CPU
		{5DCF1227-2E84-4AA2-A8D2-5894C1E6FF5F}.DebugLocal|Any CPU.Build.0 = Debug|Any CPU
		{5DCF1227-2E84-4AA2-A8D2-5894C1E6FF5F}.Release|Any CPU.ActiveCfg = Release|Any CPU
		{5DCF1227-2E84-4AA2-A8D2-5894C1E6FF5F}.Release|Any CPU.Build.0 = Release|Any CPU
		{E3769352-34C8-41A9-A6C8-DA95D7DFF903}.Debug|Any CPU.ActiveCfg = Debug|Any CPU
		{E3769352-34C8-41A9-A6C8-DA95D7DFF903}.Debug|Any CPU.Build.0 = Debug|Any CPU
		{E3769352-34C8-41A9-A6C8-DA95D7DFF903}.DebugLocal|Any CPU.ActiveCfg = Debug|Any CPU
		{E3769352-34C8-41A9-A6C8-DA95D7DFF903}.DebugLocal|Any CPU.Build.0 = Debug|Any CPU
		{E3769352-34C8-41A9-A6C8-DA95D7DFF903}.Release|Any CPU.ActiveCfg = Release|Any CPU
		{E3769352-34C8-41A9-A6C8-DA95D7DFF903}.Release|Any CPU.Build.0 = Release|Any CPU
		{414E17F3-7333-4C6E-9DC6-09F1614BA047}.Debug|Any CPU.ActiveCfg = Debug|Any CPU
		{414E17F3-7333-4C6E-9DC6-09F1614BA047}.Debug|Any CPU.Build.0 = Debug|Any CPU
		{414E17F3-7333-4C6E-9DC6-09F1614BA047}.DebugLocal|Any CPU.ActiveCfg = Debug|Any CPU
		{414E17F3-7333-4C6E-9DC6-09F1614BA047}.DebugLocal|Any CPU.Build.0 = Debug|Any CPU
		{414E17F3-7333-4C6E-9DC6-09F1614BA047}.Release|Any CPU.ActiveCfg = Release|Any CPU
		{414E17F3-7333-4C6E-9DC6-09F1614BA047}.Release|Any CPU.Build.0 = Release|Any CPU
		{25F62F0B-3260-4802-B65E-5043585528B6}.Debug|Any CPU.ActiveCfg = Debug|Any CPU
		{25F62F0B-3260-4802-B65E-5043585528B6}.Debug|Any CPU.Build.0 = Debug|Any CPU
		{25F62F0B-3260-4802-B65E-5043585528B6}.DebugLocal|Any CPU.ActiveCfg = Debug|Any CPU
		{25F62F0B-3260-4802-B65E-5043585528B6}.DebugLocal|Any CPU.Build.0 = Debug|Any CPU
		{25F62F0B-3260-4802-B65E-5043585528B6}.Release|Any CPU.ActiveCfg = Release|Any CPU
		{25F62F0B-3260-4802-B65E-5043585528B6}.Release|Any CPU.Build.0 = Release|Any CPU
		{90AE6DE4-E330-4814-8000-95BCFEC26DBA}.Debug|Any CPU.ActiveCfg = Debug|Any CPU
		{90AE6DE4-E330-4814-8000-95BCFEC26DBA}.Debug|Any CPU.Build.0 = Debug|Any CPU
		{90AE6DE4-E330-4814-8000-95BCFEC26DBA}.DebugLocal|Any CPU.ActiveCfg = Debug|Any CPU
		{90AE6DE4-E330-4814-8000-95BCFEC26DBA}.DebugLocal|Any CPU.Build.0 = Debug|Any CPU
		{90AE6DE4-E330-4814-8000-95BCFEC26DBA}.Release|Any CPU.ActiveCfg = Release|Any CPU
		{90AE6DE4-E330-4814-8000-95BCFEC26DBA}.Release|Any CPU.Build.0 = Release|Any CPU
		{1BBC47C6-DB1D-4C85-B5CC-6D48F9ABA146}.Debug|Any CPU.ActiveCfg = Debug|Any CPU
		{1BBC47C6-DB1D-4C85-B5CC-6D48F9ABA146}.Debug|Any CPU.Build.0 = Debug|Any CPU
		{1BBC47C6-DB1D-4C85-B5CC-6D48F9ABA146}.DebugLocal|Any CPU.ActiveCfg = Debug|Any CPU
		{1BBC47C6-DB1D-4C85-B5CC-6D48F9ABA146}.DebugLocal|Any CPU.Build.0 = Debug|Any CPU
		{1BBC47C6-DB1D-4C85-B5CC-6D48F9ABA146}.Release|Any CPU.ActiveCfg = Release|Any CPU
		{1BBC47C6-DB1D-4C85-B5CC-6D48F9ABA146}.Release|Any CPU.Build.0 = Release|Any CPU
		{BFC7B47D-A7EE-4693-9334-5084C09C3D31}.Debug|Any CPU.ActiveCfg = Debug|Any CPU
		{BFC7B47D-A7EE-4693-9334-5084C09C3D31}.Debug|Any CPU.Build.0 = Debug|Any CPU
		{BFC7B47D-A7EE-4693-9334-5084C09C3D31}.Debug|Any CPU.Deploy.0 = Debug|Any CPU
		{BFC7B47D-A7EE-4693-9334-5084C09C3D31}.DebugLocal|Any CPU.ActiveCfg = Debug|Any CPU
		{BFC7B47D-A7EE-4693-9334-5084C09C3D31}.DebugLocal|Any CPU.Build.0 = Debug|Any CPU
		{BFC7B47D-A7EE-4693-9334-5084C09C3D31}.Release|Any CPU.ActiveCfg = Release|Any CPU
		{BFC7B47D-A7EE-4693-9334-5084C09C3D31}.Release|Any CPU.Build.0 = Release|Any CPU
		{8CDB4D88-BCCF-4B32-8F4E-F9438A714FBE}.Debug|Any CPU.ActiveCfg = Debug|Any CPU
		{8CDB4D88-BCCF-4B32-8F4E-F9438A714FBE}.Debug|Any CPU.Build.0 = Debug|Any CPU
		{8CDB4D88-BCCF-4B32-8F4E-F9438A714FBE}.DebugLocal|Any CPU.ActiveCfg = Debug|Any CPU
		{8CDB4D88-BCCF-4B32-8F4E-F9438A714FBE}.DebugLocal|Any CPU.Build.0 = Debug|Any CPU
		{8CDB4D88-BCCF-4B32-8F4E-F9438A714FBE}.Release|Any CPU.ActiveCfg = Release|Any CPU
		{8CDB4D88-BCCF-4B32-8F4E-F9438A714FBE}.Release|Any CPU.Build.0 = Release|Any CPU
		{D8346A15-2725-493B-A08F-E987D045E614}.Debug|Any CPU.ActiveCfg = Debug|Any CPU
		{D8346A15-2725-493B-A08F-E987D045E614}.Debug|Any CPU.Build.0 = Debug|Any CPU
		{D8346A15-2725-493B-A08F-E987D045E614}.DebugLocal|Any CPU.ActiveCfg = Debug|Any CPU
		{D8346A15-2725-493B-A08F-E987D045E614}.DebugLocal|Any CPU.Build.0 = Debug|Any CPU
		{D8346A15-2725-493B-A08F-E987D045E614}.Release|Any CPU.ActiveCfg = Release|Any CPU
		{D8346A15-2725-493B-A08F-E987D045E614}.Release|Any CPU.Build.0 = Release|Any CPU
		{2731A396-AF95-483D-AC46-C7EC2246C963}.Debug|Any CPU.ActiveCfg = Debug|Any CPU
		{2731A396-AF95-483D-AC46-C7EC2246C963}.Debug|Any CPU.Build.0 = Debug|Any CPU
		{2731A396-AF95-483D-AC46-C7EC2246C963}.DebugLocal|Any CPU.ActiveCfg = Debug|Any CPU
		{2731A396-AF95-483D-AC46-C7EC2246C963}.DebugLocal|Any CPU.Build.0 = Debug|Any CPU
		{2731A396-AF95-483D-AC46-C7EC2246C963}.Release|Any CPU.ActiveCfg = Release|Any CPU
		{2731A396-AF95-483D-AC46-C7EC2246C963}.Release|Any CPU.Build.0 = Release|Any CPU
		{8ACF62DF-41C7-4CD8-98B1-566A9B17E82F}.Debug|Any CPU.ActiveCfg = Debug|Any CPU
		{8ACF62DF-41C7-4CD8-98B1-566A9B17E82F}.Debug|Any CPU.Build.0 = Debug|Any CPU
		{8ACF62DF-41C7-4CD8-98B1-566A9B17E82F}.DebugLocal|Any CPU.ActiveCfg = Debug|Any CPU
		{8ACF62DF-41C7-4CD8-98B1-566A9B17E82F}.DebugLocal|Any CPU.Build.0 = Debug|Any CPU
		{8ACF62DF-41C7-4CD8-98B1-566A9B17E82F}.Release|Any CPU.ActiveCfg = Release|Any CPU
		{8ACF62DF-41C7-4CD8-98B1-566A9B17E82F}.Release|Any CPU.Build.0 = Release|Any CPU
		{5C1D0949-50AD-499E-96E3-B6973A23FAF8}.Debug|Any CPU.ActiveCfg = Debug|Any CPU
		{5C1D0949-50AD-499E-96E3-B6973A23FAF8}.Debug|Any CPU.Build.0 = Debug|Any CPU
		{5C1D0949-50AD-499E-96E3-B6973A23FAF8}.DebugLocal|Any CPU.ActiveCfg = Debug|Any CPU
		{5C1D0949-50AD-499E-96E3-B6973A23FAF8}.DebugLocal|Any CPU.Build.0 = Debug|Any CPU
		{5C1D0949-50AD-499E-96E3-B6973A23FAF8}.Release|Any CPU.ActiveCfg = Release|Any CPU
		{5C1D0949-50AD-499E-96E3-B6973A23FAF8}.Release|Any CPU.Build.0 = Release|Any CPU
		{3E38A90D-0CAC-40F5-A62A-28FF92B410D2}.Debug|Any CPU.ActiveCfg = Debug|Any CPU
		{3E38A90D-0CAC-40F5-A62A-28FF92B410D2}.Debug|Any CPU.Build.0 = Debug|Any CPU
		{3E38A90D-0CAC-40F5-A62A-28FF92B410D2}.DebugLocal|Any CPU.ActiveCfg = Debug|Any CPU
		{3E38A90D-0CAC-40F5-A62A-28FF92B410D2}.DebugLocal|Any CPU.Build.0 = Debug|Any CPU
		{3E38A90D-0CAC-40F5-A62A-28FF92B410D2}.Release|Any CPU.ActiveCfg = Release|Any CPU
		{3E38A90D-0CAC-40F5-A62A-28FF92B410D2}.Release|Any CPU.Build.0 = Release|Any CPU
		{5B1C8E63-A8D4-4EF1-A1A3-842DE452BE0D}.Debug|Any CPU.ActiveCfg = Debug|Any CPU
		{5B1C8E63-A8D4-4EF1-A1A3-842DE452BE0D}.Debug|Any CPU.Build.0 = Debug|Any CPU
		{5B1C8E63-A8D4-4EF1-A1A3-842DE452BE0D}.DebugLocal|Any CPU.ActiveCfg = Debug|Any CPU
		{5B1C8E63-A8D4-4EF1-A1A3-842DE452BE0D}.DebugLocal|Any CPU.Build.0 = Debug|Any CPU
		{5B1C8E63-A8D4-4EF1-A1A3-842DE452BE0D}.Release|Any CPU.ActiveCfg = Release|Any CPU
		{5B1C8E63-A8D4-4EF1-A1A3-842DE452BE0D}.Release|Any CPU.Build.0 = Release|Any CPU
		{36E91BFB-0F96-4C31-9D41-0CC37CDD8BCC}.Debug|Any CPU.ActiveCfg = Debug|Any CPU
		{36E91BFB-0F96-4C31-9D41-0CC37CDD8BCC}.DebugLocal|Any CPU.ActiveCfg = Debug|Any CPU
		{36E91BFB-0F96-4C31-9D41-0CC37CDD8BCC}.DebugLocal|Any CPU.Build.0 = Debug|Any CPU
		{36E91BFB-0F96-4C31-9D41-0CC37CDD8BCC}.Release|Any CPU.ActiveCfg = Release|Any CPU
		{DE81746A-92B8-4458-8313-1AD8C699D696}.Debug|Any CPU.ActiveCfg = Debug|Any CPU
		{DE81746A-92B8-4458-8313-1AD8C699D696}.Debug|Any CPU.Build.0 = Debug|Any CPU
		{DE81746A-92B8-4458-8313-1AD8C699D696}.DebugLocal|Any CPU.ActiveCfg = Debug|Any CPU
		{DE81746A-92B8-4458-8313-1AD8C699D696}.DebugLocal|Any CPU.Build.0 = Debug|Any CPU
		{DE81746A-92B8-4458-8313-1AD8C699D696}.Release|Any CPU.ActiveCfg = Release|Any CPU
		{DE81746A-92B8-4458-8313-1AD8C699D696}.Release|Any CPU.Build.0 = Release|Any CPU
		{7C4E66FC-927B-4785-9B3F-238AB75C0D6E}.Debug|Any CPU.ActiveCfg = Debug|Any CPU
		{7C4E66FC-927B-4785-9B3F-238AB75C0D6E}.Debug|Any CPU.Build.0 = Debug|Any CPU
		{7C4E66FC-927B-4785-9B3F-238AB75C0D6E}.DebugLocal|Any CPU.ActiveCfg = Debug|Any CPU
		{7C4E66FC-927B-4785-9B3F-238AB75C0D6E}.DebugLocal|Any CPU.Build.0 = Debug|Any CPU
		{7C4E66FC-927B-4785-9B3F-238AB75C0D6E}.Release|Any CPU.ActiveCfg = Release|Any CPU
		{7C4E66FC-927B-4785-9B3F-238AB75C0D6E}.Release|Any CPU.Build.0 = Release|Any CPU
		{F4831210-2600-444F-8510-2BD825E3F13B}.Debug|Any CPU.ActiveCfg = Debug|Any CPU
		{F4831210-2600-444F-8510-2BD825E3F13B}.Debug|Any CPU.Build.0 = Debug|Any CPU
		{F4831210-2600-444F-8510-2BD825E3F13B}.DebugLocal|Any CPU.ActiveCfg = Debug|Any CPU
		{F4831210-2600-444F-8510-2BD825E3F13B}.DebugLocal|Any CPU.Build.0 = Debug|Any CPU
		{F4831210-2600-444F-8510-2BD825E3F13B}.Release|Any CPU.ActiveCfg = Release|Any CPU
		{F4831210-2600-444F-8510-2BD825E3F13B}.Release|Any CPU.Build.0 = Release|Any CPU
		{4882F43B-AE8D-489B-911B-7F9A1D526715}.Debug|Any CPU.ActiveCfg = Debug|Any CPU
		{4882F43B-AE8D-489B-911B-7F9A1D526715}.Debug|Any CPU.Build.0 = Debug|Any CPU
		{4882F43B-AE8D-489B-911B-7F9A1D526715}.DebugLocal|Any CPU.ActiveCfg = Debug|Any CPU
		{4882F43B-AE8D-489B-911B-7F9A1D526715}.DebugLocal|Any CPU.Build.0 = Debug|Any CPU
		{4882F43B-AE8D-489B-911B-7F9A1D526715}.Release|Any CPU.ActiveCfg = Release|Any CPU
		{4882F43B-AE8D-489B-911B-7F9A1D526715}.Release|Any CPU.Build.0 = Release|Any CPU
		{2044B7A5-4050-4745-A430-6E29D7AB47C9}.Debug|Any CPU.ActiveCfg = Debug|Any CPU
		{2044B7A5-4050-4745-A430-6E29D7AB47C9}.Debug|Any CPU.Build.0 = Debug|Any CPU
		{2044B7A5-4050-4745-A430-6E29D7AB47C9}.DebugLocal|Any CPU.ActiveCfg = Debug|Any CPU
		{2044B7A5-4050-4745-A430-6E29D7AB47C9}.DebugLocal|Any CPU.Build.0 = Debug|Any CPU
		{2044B7A5-4050-4745-A430-6E29D7AB47C9}.Release|Any CPU.ActiveCfg = Release|Any CPU
		{2044B7A5-4050-4745-A430-6E29D7AB47C9}.Release|Any CPU.Build.0 = Release|Any CPU
		{10A07A08-2934-4338-B8BD-B89BDC1D014E}.Debug|Any CPU.ActiveCfg = Debug|Any CPU
		{10A07A08-2934-4338-B8BD-B89BDC1D014E}.Debug|Any CPU.Build.0 = Debug|Any CPU
		{10A07A08-2934-4338-B8BD-B89BDC1D014E}.DebugLocal|Any CPU.ActiveCfg = Debug|Any CPU
		{10A07A08-2934-4338-B8BD-B89BDC1D014E}.DebugLocal|Any CPU.Build.0 = Debug|Any CPU
		{10A07A08-2934-4338-B8BD-B89BDC1D014E}.Release|Any CPU.ActiveCfg = Release|Any CPU
		{10A07A08-2934-4338-B8BD-B89BDC1D014E}.Release|Any CPU.Build.0 = Release|Any CPU
		{B7A061D8-6D0A-4996-B222-6611715F516B}.Debug|Any CPU.ActiveCfg = Debug|Any CPU
		{B7A061D8-6D0A-4996-B222-6611715F516B}.Debug|Any CPU.Build.0 = Debug|Any CPU
		{B7A061D8-6D0A-4996-B222-6611715F516B}.DebugLocal|Any CPU.ActiveCfg = Debug|Any CPU
		{B7A061D8-6D0A-4996-B222-6611715F516B}.DebugLocal|Any CPU.Build.0 = Debug|Any CPU
		{B7A061D8-6D0A-4996-B222-6611715F516B}.Release|Any CPU.ActiveCfg = Release|Any CPU
		{B7A061D8-6D0A-4996-B222-6611715F516B}.Release|Any CPU.Build.0 = Release|Any CPU
		{7AB6B367-1BC3-474B-982D-B50B32B1574A}.Debug|Any CPU.ActiveCfg = Debug|Any CPU
		{7AB6B367-1BC3-474B-982D-B50B32B1574A}.Debug|Any CPU.Build.0 = Debug|Any CPU
		{7AB6B367-1BC3-474B-982D-B50B32B1574A}.DebugLocal|Any CPU.ActiveCfg = Debug|Any CPU
		{7AB6B367-1BC3-474B-982D-B50B32B1574A}.DebugLocal|Any CPU.Build.0 = Debug|Any CPU
		{7AB6B367-1BC3-474B-982D-B50B32B1574A}.Release|Any CPU.ActiveCfg = Release|Any CPU
		{7AB6B367-1BC3-474B-982D-B50B32B1574A}.Release|Any CPU.Build.0 = Release|Any CPU
		{8DCDA1BC-E983-4DBB-98B6-320847ACCDFE}.Debug|Any CPU.ActiveCfg = Debug|Any CPU
		{8DCDA1BC-E983-4DBB-98B6-320847ACCDFE}.Debug|Any CPU.Build.0 = Debug|Any CPU
		{8DCDA1BC-E983-4DBB-98B6-320847ACCDFE}.DebugLocal|Any CPU.ActiveCfg = Debug|Any CPU
		{8DCDA1BC-E983-4DBB-98B6-320847ACCDFE}.DebugLocal|Any CPU.Build.0 = Debug|Any CPU
		{8DCDA1BC-E983-4DBB-98B6-320847ACCDFE}.Release|Any CPU.ActiveCfg = Release|Any CPU
		{8DCDA1BC-E983-4DBB-98B6-320847ACCDFE}.Release|Any CPU.Build.0 = Release|Any CPU
		{736303CF-F1F3-4BB4-9647-992E8AF3606A}.Debug|Any CPU.ActiveCfg = Debug|Any CPU
		{736303CF-F1F3-4BB4-9647-992E8AF3606A}.Debug|Any CPU.Build.0 = Debug|Any CPU
		{736303CF-F1F3-4BB4-9647-992E8AF3606A}.DebugLocal|Any CPU.ActiveCfg = Debug|Any CPU
		{736303CF-F1F3-4BB4-9647-992E8AF3606A}.DebugLocal|Any CPU.Build.0 = Debug|Any CPU
		{736303CF-F1F3-4BB4-9647-992E8AF3606A}.Release|Any CPU.ActiveCfg = Release|Any CPU
		{736303CF-F1F3-4BB4-9647-992E8AF3606A}.Release|Any CPU.Build.0 = Release|Any CPU
		{84B945B7-85E4-4057-B0DF-1F8A03B8D53C}.Debug|Any CPU.ActiveCfg = Debug|Any CPU
		{84B945B7-85E4-4057-B0DF-1F8A03B8D53C}.Debug|Any CPU.Build.0 = Debug|Any CPU
		{84B945B7-85E4-4057-B0DF-1F8A03B8D53C}.DebugLocal|Any CPU.ActiveCfg = Debug|Any CPU
		{84B945B7-85E4-4057-B0DF-1F8A03B8D53C}.DebugLocal|Any CPU.Build.0 = Debug|Any CPU
		{84B945B7-85E4-4057-B0DF-1F8A03B8D53C}.Release|Any CPU.ActiveCfg = Release|Any CPU
		{84B945B7-85E4-4057-B0DF-1F8A03B8D53C}.Release|Any CPU.Build.0 = Release|Any CPU
		{A67C7412-708C-4978-A666-6B9414BBF696}.Debug|Any CPU.ActiveCfg = Debug|Any CPU
		{A67C7412-708C-4978-A666-6B9414BBF696}.Debug|Any CPU.Build.0 = Debug|Any CPU
		{A67C7412-708C-4978-A666-6B9414BBF696}.DebugLocal|Any CPU.ActiveCfg = Debug|Any CPU
		{A67C7412-708C-4978-A666-6B9414BBF696}.DebugLocal|Any CPU.Build.0 = Debug|Any CPU
		{A67C7412-708C-4978-A666-6B9414BBF696}.Release|Any CPU.ActiveCfg = Release|Any CPU
		{A67C7412-708C-4978-A666-6B9414BBF696}.Release|Any CPU.Build.0 = Release|Any CPU
	EndGlobalSection
	GlobalSection(SolutionProperties) = preSolution
		HideSolutionNode = FALSE
	EndGlobalSection
	GlobalSection(NestedProjects) = preSolution
		{464DA96A-08A5-4BB1-99DF-0FFA876AB6C4} = {5E7C52DA-805F-4F37-878B-8DE95F1B92EF}
		{F6E00088-6457-4F50-9C16-82F33BBDA007} = {5E7C52DA-805F-4F37-878B-8DE95F1B92EF}
		{9F0978C4-8AD6-4CA0-91C8-B0294C83595B} = {5E7C52DA-805F-4F37-878B-8DE95F1B92EF}
		{CECDE122-6128-402F-B3B4-4D8C388308D3} = {5E7C52DA-805F-4F37-878B-8DE95F1B92EF}
		{45EA55AE-61F7-4816-A55F-5DCBF6C00B87} = {5E7C52DA-805F-4F37-878B-8DE95F1B92EF}
		{2AD827AA-165D-4C13-8AEA-108F9FA6E96C} = {9F0978C4-8AD6-4CA0-91C8-B0294C83595B}
		{9F5493C4-0080-4BB5-9C12-25D0CDBEA2DD} = {464DA96A-08A5-4BB1-99DF-0FFA876AB6C4}
		{BB168A74-0F1E-43BE-A616-134902238B80} = {2675E160-FF7B-409D-87FC-41EF1F170A7C}
		{E7FC9A51-1B39-4BDC-983A-8A059C5FC58B} = {2675E160-FF7B-409D-87FC-41EF1F170A7C}
		{930184F0-9508-4C17-8AAE-1141A00C43A5} = {F6E00088-6457-4F50-9C16-82F33BBDA007}
		{196FF814-152F-416D-82AB-9B1DF3323839} = {F6E00088-6457-4F50-9C16-82F33BBDA007}
		{039E7914-2925-44C4-ACAD-6BCCFA2A370E} = {464DA96A-08A5-4BB1-99DF-0FFA876AB6C4}
		{C67724E6-4EBC-4BE8-B639-8C2CD0CFFD59} = {45EA55AE-61F7-4816-A55F-5DCBF6C00B87}
		{3FE4EB14-557A-46BC-94AD-2E9874F85ACE} = {45EA55AE-61F7-4816-A55F-5DCBF6C00B87}
		{7BF794D6-39B2-4A69-9371-F35DF8D53E88} = {CECDE122-6128-402F-B3B4-4D8C388308D3}
		{2465FF0C-BE5D-4371-8E65-7DE3DDA15516} = {2EA23B38-B707-4697-BBF6-882ABA02AD54}
		{019BD24E-4A1D-4C01-BB52-F608CC36EC4C} = {5E7C52DA-805F-4F37-878B-8DE95F1B92EF}
		{98748B0A-4C04-4E70-A4EF-7CBAE5959D18} = {019BD24E-4A1D-4C01-BB52-F608CC36EC4C}
		{5E7A5F66-7788-4C9B-8EEB-A3EE9149B87B} = {B5987D54-8BC5-4588-A2E2-72DD0EEC338E}
		{B5987D54-8BC5-4588-A2E2-72DD0EEC338E} = {3BDA4586-0A60-43CA-BFB6-0095FFD4FAB8}
		{B96FE56E-D29E-4EE2-90D4-0AA993563D05} = {5E7C52DA-805F-4F37-878B-8DE95F1B92EF}
		{8F364FCD-E08E-42C1-AB83-1D9790FB1426} = {B96FE56E-D29E-4EE2-90D4-0AA993563D05}
		{B23D71DE-DC4A-4783-AEE4-6C6CDF0EE4EB} = {5E7C52DA-805F-4F37-878B-8DE95F1B92EF}
		{9179B790-1F77-475F-B6EF-0B567D5CE8E0} = {B23D71DE-DC4A-4783-AEE4-6C6CDF0EE4EB}
		{C5A05C8F-6BA8-4CE7-9830-0E4870D1E272} = {B23D71DE-DC4A-4783-AEE4-6C6CDF0EE4EB}
		{2C4CBAC6-17BD-4EC5-A378-93BAADF3DDF6} = {3BDA4586-0A60-43CA-BFB6-0095FFD4FAB8}
		{C63B4116-AA04-451D-ABCD-49F80A0A7DF7} = {2C4CBAC6-17BD-4EC5-A378-93BAADF3DDF6}
		{9E551181-E3BF-450C-B9AB-1097C6CAA3A8} = {2C4CBAC6-17BD-4EC5-A378-93BAADF3DDF6}
		{17F55CEA-DA45-421D-B81C-157A8182E8AF} = {2C4CBAC6-17BD-4EC5-A378-93BAADF3DDF6}
		{6950A1AB-1FAB-4FE4-ABFC-A878180A4240} = {2C4CBAC6-17BD-4EC5-A378-93BAADF3DDF6}
		{4B2CBB79-86C2-4F09-A5DB-DBEA27330C90} = {2C4CBAC6-17BD-4EC5-A378-93BAADF3DDF6}
		{F0D68841-A0D8-41E1-B116-A35307F6657D} = {2C4CBAC6-17BD-4EC5-A378-93BAADF3DDF6}
		{D821E0C3-5D53-429B-AF8F-785E77B82FE0} = {2C4CBAC6-17BD-4EC5-A378-93BAADF3DDF6}
		{8BB93B26-6C0A-44ED-B5A6-A21364CC4C34} = {2C4CBAC6-17BD-4EC5-A378-93BAADF3DDF6}
		{64FA8A5F-A814-49F3-9661-AA05AAD59913} = {2C4CBAC6-17BD-4EC5-A378-93BAADF3DDF6}
		{3A3D4A4E-EC75-4C29-990B-9B398707CEBA} = {2C4CBAC6-17BD-4EC5-A378-93BAADF3DDF6}
		{315535F9-143C-41F0-8554-93708DD1091F} = {2C4CBAC6-17BD-4EC5-A378-93BAADF3DDF6}
		{F0497F8D-B4A3-4B02-9BED-804FC332E8A3} = {2C4CBAC6-17BD-4EC5-A378-93BAADF3DDF6}
		{5DCF1227-2E84-4AA2-A8D2-5894C1E6FF5F} = {2C4CBAC6-17BD-4EC5-A378-93BAADF3DDF6}
		{82A84146-05E1-4075-B56D-B4FA4A89F314} = {5E7C52DA-805F-4F37-878B-8DE95F1B92EF}
		{E3769352-34C8-41A9-A6C8-DA95D7DFF903} = {82A84146-05E1-4075-B56D-B4FA4A89F314}
		{414E17F3-7333-4C6E-9DC6-09F1614BA047} = {2C4CBAC6-17BD-4EC5-A378-93BAADF3DDF6}
		{25F62F0B-3260-4802-B65E-5043585528B6} = {2C4CBAC6-17BD-4EC5-A378-93BAADF3DDF6}
		{90AE6DE4-E330-4814-8000-95BCFEC26DBA} = {019BD24E-4A1D-4C01-BB52-F608CC36EC4C}
		{1BBC47C6-DB1D-4C85-B5CC-6D48F9ABA146} = {CECDE122-6128-402F-B3B4-4D8C388308D3}
		{BFC7B47D-A7EE-4693-9334-5084C09C3D31} = {CECDE122-6128-402F-B3B4-4D8C388308D3}
		{5F14CFD8-2255-4EF2-A28D-4B6F509DEAE1} = {DD917BFE-4A90-4F60-90A2-645DBD016EBB}
		{D363E16C-C28E-4BF4-ACA3-99E6083BA1FA} = {DD917BFE-4A90-4F60-90A2-645DBD016EBB}
		{A613C589-6AB6-47C2-A8F0-CCF19687AF8F} = {D363E16C-C28E-4BF4-ACA3-99E6083BA1FA}
		{8CDB4D88-BCCF-4B32-8F4E-F9438A714FBE} = {A613C589-6AB6-47C2-A8F0-CCF19687AF8F}
		{D8346A15-2725-493B-A08F-E987D045E614} = {A613C589-6AB6-47C2-A8F0-CCF19687AF8F}
		{FECC89B7-B1E1-497B-B64D-A8ACD92BD4A4} = {D363E16C-C28E-4BF4-ACA3-99E6083BA1FA}
		{2731A396-AF95-483D-AC46-C7EC2246C963} = {FECC89B7-B1E1-497B-B64D-A8ACD92BD4A4}
		{8ACF62DF-41C7-4CD8-98B1-566A9B17E82F} = {FECC89B7-B1E1-497B-B64D-A8ACD92BD4A4}
		{8820DBC1-A4DA-4C80-84D0-E3581F46E93F} = {5F14CFD8-2255-4EF2-A28D-4B6F509DEAE1}
		{5C1D0949-50AD-499E-96E3-B6973A23FAF8} = {8820DBC1-A4DA-4C80-84D0-E3581F46E93F}
		{3E38A90D-0CAC-40F5-A62A-28FF92B410D2} = {2EA23B38-B707-4697-BBF6-882ABA02AD54}
		{5B1C8E63-A8D4-4EF1-A1A3-842DE452BE0D} = {2EA23B38-B707-4697-BBF6-882ABA02AD54}
		{36E91BFB-0F96-4C31-9D41-0CC37CDD8BCC} = {2EA23B38-B707-4697-BBF6-882ABA02AD54}
		{DE81746A-92B8-4458-8313-1AD8C699D696} = {2EA23B38-B707-4697-BBF6-882ABA02AD54}
		{7C4E66FC-927B-4785-9B3F-238AB75C0D6E} = {2EA23B38-B707-4697-BBF6-882ABA02AD54}
		{F4831210-2600-444F-8510-2BD825E3F13B} = {CECDE122-6128-402F-B3B4-4D8C388308D3}
		{4882F43B-AE8D-489B-911B-7F9A1D526715} = {464DA96A-08A5-4BB1-99DF-0FFA876AB6C4}
		{2044B7A5-4050-4745-A430-6E29D7AB47C9} = {2C4CBAC6-17BD-4EC5-A378-93BAADF3DDF6}
		{10A07A08-2934-4338-B8BD-B89BDC1D014E} = {2C4CBAC6-17BD-4EC5-A378-93BAADF3DDF6}
		{B7A061D8-6D0A-4996-B222-6611715F516B} = {464DA96A-08A5-4BB1-99DF-0FFA876AB6C4}
		{7AB6B367-1BC3-474B-982D-B50B32B1574A} = {CECDE122-6128-402F-B3B4-4D8C388308D3}
		{7F4999F5-7952-4F64-9285-61A77E1F0890} = {5E7C52DA-805F-4F37-878B-8DE95F1B92EF}
		{8DCDA1BC-E983-4DBB-98B6-320847ACCDFE} = {7F4999F5-7952-4F64-9285-61A77E1F0890}
		{736303CF-F1F3-4BB4-9647-992E8AF3606A} = {B5987D54-8BC5-4588-A2E2-72DD0EEC338E}
		{84B945B7-85E4-4057-B0DF-1F8A03B8D53C} = {B23D71DE-DC4A-4783-AEE4-6C6CDF0EE4EB}
		{A67C7412-708C-4978-A666-6B9414BBF696} = {B23D71DE-DC4A-4783-AEE4-6C6CDF0EE4EB}
	EndGlobalSection
	GlobalSection(ExtensibilityGlobals) = postSolution
		EnterpriseLibraryConfigurationToolBinariesPath = packages\ y.2.1.505.0\lib\NET35;packages\Unity.2.1.505.2\lib\NET35
	EndGlobalSection
EndGlobal
