
Microsoft Visual Studio Solution File, Format Version 12.00
# Visual Studio 14
VisualStudioVersion = 14.0.25123.0
MinimumVisualStudioVersion = 10.0.40219.1
Project("{FAE04EC0-301F-11D3-BF4B-00C04F79EFBC}") = "VirtoCommerce.Storefront", "VirtoCommerce.Storefront\VirtoCommerce.Storefront.csproj", "{89054B36-0E64-4101-8260-333E6286B94F}"
EndProject
Project("{FAE04EC0-301F-11D3-BF4B-00C04F79EFBC}") = "VirtoCommerce.LiquidThemeEngine", "VirtoCommerce.LiquidThemeEngine\VirtoCommerce.LiquidThemeEngine.csproj", "{6C16B517-6DE8-48A1-A76B-DE96BEA54D10}"
EndProject
Project("{FAE04EC0-301F-11D3-BF4B-00C04F79EFBC}") = "VirtoCommerce.Storefront.Model", "VirtoCommerce.Storefront.Model\VirtoCommerce.Storefront.Model.csproj", "{FD2F9490-83EB-40DF-A61B-7E4098D35BD8}"
EndProject
Project("{FAE04EC0-301F-11D3-BF4B-00C04F79EFBC}") = "VirtoCommerce.Client", "..\SDK\DotNet\VirtoCommerce.Client\VirtoCommerce.Client.csproj", "{45610268-8E12-4390-A216-19A78CDD2FBB}"
EndProject
Project("{FAE04EC0-301F-11D3-BF4B-00C04F79EFBC}") = "VirtoCommerce.Storefront.Test", "VirtoCommerce.Storefront.Test\VirtoCommerce.Storefront.Test.csproj", "{324FEE60-ACD1-427A-9B7D-0DF767E6F96D}"
EndProject
Global
	GlobalSection(SolutionConfigurationPlatforms) = preSolution
		Debug|Any CPU = Debug|Any CPU
		Release|Any CPU = Release|Any CPU
	EndGlobalSection
	GlobalSection(ProjectConfigurationPlatforms) = postSolution
		{89054B36-0E64-4101-8260-333E6286B94F}.Debug|Any CPU.ActiveCfg = Debug|Any CPU
		{89054B36-0E64-4101-8260-333E6286B94F}.Debug|Any CPU.Build.0 = Debug|Any CPU
		{89054B36-0E64-4101-8260-333E6286B94F}.Release|Any CPU.ActiveCfg = Release|Any CPU
		{89054B36-0E64-4101-8260-333E6286B94F}.Release|Any CPU.Build.0 = Release|Any CPU
		{6C16B517-6DE8-48A1-A76B-DE96BEA54D10}.Debug|Any CPU.ActiveCfg = Debug|Any CPU
		{6C16B517-6DE8-48A1-A76B-DE96BEA54D10}.Debug|Any CPU.Build.0 = Debug|Any CPU
		{6C16B517-6DE8-48A1-A76B-DE96BEA54D10}.Release|Any CPU.ActiveCfg = Release|Any CPU
		{6C16B517-6DE8-48A1-A76B-DE96BEA54D10}.Release|Any CPU.Build.0 = Release|Any CPU
		{FD2F9490-83EB-40DF-A61B-7E4098D35BD8}.Debug|Any CPU.ActiveCfg = Debug|Any CPU
		{FD2F9490-83EB-40DF-A61B-7E4098D35BD8}.Debug|Any CPU.Build.0 = Debug|Any CPU
		{FD2F9490-83EB-40DF-A61B-7E4098D35BD8}.Release|Any CPU.ActiveCfg = Release|Any CPU
		{FD2F9490-83EB-40DF-A61B-7E4098D35BD8}.Release|Any CPU.Build.0 = Release|Any CPU
		{45610268-8E12-4390-A216-19A78CDD2FBB}.Debug|Any CPU.ActiveCfg = Debug|Any CPU
		{45610268-8E12-4390-A216-19A78CDD2FBB}.Debug|Any CPU.Build.0 = Debug|Any CPU
		{45610268-8E12-4390-A216-19A78CDD2FBB}.Release|Any CPU.ActiveCfg = Release|Any CPU
		{45610268-8E12-4390-A216-19A78CDD2FBB}.Release|Any CPU.Build.0 = Release|Any CPU
		{324FEE60-ACD1-427A-9B7D-0DF767E6F96D}.Debug|Any CPU.ActiveCfg = Debug|Any CPU
		{324FEE60-ACD1-427A-9B7D-0DF767E6F96D}.Debug|Any CPU.Build.0 = Debug|Any CPU
		{324FEE60-ACD1-427A-9B7D-0DF767E6F96D}.Release|Any CPU.ActiveCfg = Release|Any CPU
		{324FEE60-ACD1-427A-9B7D-0DF767E6F96D}.Release|Any CPU.Build.0 = Release|Any CPU
	EndGlobalSection
	GlobalSection(SolutionProperties) = preSolution
		HideSolutionNode = FALSE
	EndGlobalSection
	GlobalSection(ExtensibilityGlobals) = postSolution
		EnterpriseLibraryConfigurationToolBinariesPathV6 = packages\EnterpriseLibrary.TransientFaultHandling.6.0.1304.0\lib\portable-net45+win+wp8;packages\EnterpriseLibrary.TransientFaultHandling.Data.6.0.1304.1\lib\NET45
	EndGlobalSection
EndGlobal
