
Microsoft Visual Studio Solution File, Format Version 12.00
# Visual Studio 2013
VisualStudioVersion = 12.0.30110.0
MinimumVisualStudioVersion = 10.0.40219.1
Project("{2150E333-8FDC-42A3-9474-1A3956D46DE8}") = ".nuget", ".nuget", "{E8015F5A-6A0D-4572-A7F5-7CF954AB0C93}"
	ProjectSection(SolutionItems) = preProject
		.nuget\NuGet.Config = .nuget\NuGet.Config
	EndProjectSection
EndProject
Project("{2150E333-8FDC-42A3-9474-1A3956D46DE8}") = "Presentation", "Presentation", "{9E66CDE9-F510-4431-98C9-6EE65ABF21AB}"
EndProject
Project("{FAE04EC0-301F-11D3-BF4B-00C04F79EFBC}") = "InitialWebApp", "src\Presentation\InitialWebApp\InitialWebApp.csproj", "{07C352A4-0A88-4050-8CD5-AD447D1A840B}"
EndProject
Project("{2150E333-8FDC-42A3-9474-1A3956D46DE8}") = "VirtoCommerce", "VirtoCommerce", "{61F591D3-DF45-45F5-BFE3-8FB6493A1754}"
EndProject
Project("{FAE04EC0-301F-11D3-BF4B-00C04F79EFBC}") = "VirtoCommerce.Caching.HttpCache", "..\..\src\Extensions\Cache\VirtoCommerce.Caching.HttpCache\VirtoCommerce.Caching.HttpCache.csproj", "{3FE4EB14-557A-46BC-94AD-2E9874F85ACE}"
EndProject
Project("{FAE04EC0-301F-11D3-BF4B-00C04F79EFBC}") = "CommerceClient", "..\..\src\Extensions\Client\CommerceClient\CommerceClient.csproj", "{9179B790-1F77-475F-B6EF-0B567D5CE8E0}"
EndProject
Project("{FAE04EC0-301F-11D3-BF4B-00C04F79EFBC}") = "CommerceWebClient", "..\..\src\Extensions\Client\CommerceWebClient\CommerceWebClient.csproj", "{C5A05C8F-6BA8-4CE7-9830-0E4870D1E272}"
EndProject
Project("{2150E333-8FDC-42A3-9474-1A3956D46DE8}") = "Cache", "Cache", "{05B472C9-DC26-446E-818A-5F06024F0F9D}"
EndProject
Project("{2150E333-8FDC-42A3-9474-1A3956D46DE8}") = "Clients", "Clients", "{9B6840F4-A407-4196-AF5F-2DDDE62A09F9}"
EndProject
Project("{2150E333-8FDC-42A3-9474-1A3956D46DE8}") = "Core", "Core", "{4BA3E627-5479-4418-B476-DA77FDB60C04}"
EndProject
Project("{FAE04EC0-301F-11D3-BF4B-00C04F79EFBC}") = "CommerceFoundation", "..\..\src\Core\CommerceFoundation\CommerceFoundation.csproj", "{E7FC9A51-1B39-4BDC-983A-8A059C5FC58B}"
EndProject
Project("{FAE04EC0-301F-11D3-BF4B-00C04F79EFBC}") = "CommerceFoundation.Data", "..\..\src\Core\CommerceFoundation.Data\CommerceFoundation.Data.csproj", "{BB168A74-0F1E-43BE-A616-134902238B80}"
EndProject
Project("{2150E333-8FDC-42A3-9474-1A3956D46DE8}") = "Azure", "Azure", "{EFA31631-5B8D-49B5-996F-CDE9CA4CA519}"
EndProject
Project("{2150E333-8FDC-42A3-9474-1A3956D46DE8}") = "Extensions", "Extensions", "{849A7F16-3540-48A8-A9C3-6FFA59C2AA4F}"
EndProject
Project("{FAE04EC0-301F-11D3-BF4B-00C04F79EFBC}") = "CommerceFoundation.Data.Azure", "..\..\src\Extensions\Azure\CommerceFoundation.Data.Azure\CommerceFoundation.Data.Azure.csproj", "{E3769352-34C8-41A9-A6C8-DA95D7DFF903}"
EndProject
Project("{2150E333-8FDC-42A3-9474-1A3956D46DE8}") = "Search", "Search", "{85848308-F226-499A-BC16-65186BABDCBF}"
EndProject
Project("{FAE04EC0-301F-11D3-BF4B-00C04F79EFBC}") = "ElasticSearchProvider", "..\..\src\Extensions\Search\ElasticSearchProvider\ElasticSearchProvider.csproj", "{039E7914-2925-44C4-ACAD-6BCCFA2A370E}"
EndProject
Project("{FAE04EC0-301F-11D3-BF4B-00C04F79EFBC}") = "VirtoCommerce.Search.Index", "..\..\src\Extensions\Search\IndexingProviders\VirtoCommerce.Search.Index.csproj", "{9F5493C4-0080-4BB5-9C12-25D0CDBEA2DD}"
EndProject
Project("{FAE04EC0-301F-11D3-BF4B-00C04F79EFBC}") = "LuceneSearchProvider", "..\..\src\Extensions\Search\LuceneSearchProvider\LuceneSearchProvider.csproj", "{4882F43B-AE8D-489B-911B-7F9A1D526715}"
EndProject
Project("{2150E333-8FDC-42A3-9474-1A3956D46DE8}") = "Jobs", "Jobs", "{8D64865B-8D48-4A7A-89E3-6D2952CE0343}"
EndProject
Project("{FAE04EC0-301F-11D3-BF4B-00C04F79EFBC}") = "WindowsServerSchedulingLib", "..\..\src\Extensions\Jobs\WindowsServerSchedulingLib\WindowsServerSchedulingLib.csproj", "{F4831210-2600-444F-8510-2BD825E3F13B}"
EndProject
Project("{FAE04EC0-301F-11D3-BF4B-00C04F79EFBC}") = "SchedulingLib", "..\..\src\Extensions\Jobs\SchedulingLib\SchedulingLib.csproj", "{7BF794D6-39B2-4A69-9371-F35DF8D53E88}"
EndProject
Project("{FAE04EC0-301F-11D3-BF4B-00C04F79EFBC}") = "ServerJobs", "..\..\src\Extensions\Jobs\VirtoCommerceJobs\ServerJobs.csproj", "{BFC7B47D-A7EE-4693-9334-5084C09C3D31}"
EndProject
Project("{FAE04EC0-301F-11D3-BF4B-00C04F79EFBC}") = "AzureSchedulingLib", "..\..\src\Extensions\Jobs\AzureSchedulingLib\AzureSchedulingLib.csproj", "{1BBC47C6-DB1D-4C85-B5CC-6D48F9ABA146}"
EndProject
Global
	GlobalSection(SolutionConfigurationPlatforms) = preSolution
		Debug|Any CPU = Debug|Any CPU
		Release|Any CPU = Release|Any CPU
	EndGlobalSection
	GlobalSection(ProjectConfigurationPlatforms) = postSolution
		{07C352A4-0A88-4050-8CD5-AD447D1A840B}.Debug|Any CPU.ActiveCfg = Debug|Any CPU
		{07C352A4-0A88-4050-8CD5-AD447D1A840B}.Debug|Any CPU.Build.0 = Debug|Any CPU
		{07C352A4-0A88-4050-8CD5-AD447D1A840B}.Release|Any CPU.ActiveCfg = Release|Any CPU
		{07C352A4-0A88-4050-8CD5-AD447D1A840B}.Release|Any CPU.Build.0 = Release|Any CPU
		{3FE4EB14-557A-46BC-94AD-2E9874F85ACE}.Debug|Any CPU.ActiveCfg = Debug|Any CPU
		{3FE4EB14-557A-46BC-94AD-2E9874F85ACE}.Debug|Any CPU.Build.0 = Debug|Any CPU
		{3FE4EB14-557A-46BC-94AD-2E9874F85ACE}.Release|Any CPU.ActiveCfg = Release|Any CPU
		{3FE4EB14-557A-46BC-94AD-2E9874F85ACE}.Release|Any CPU.Build.0 = Release|Any CPU
		{9179B790-1F77-475F-B6EF-0B567D5CE8E0}.Debug|Any CPU.ActiveCfg = Debug|Any CPU
		{9179B790-1F77-475F-B6EF-0B567D5CE8E0}.Debug|Any CPU.Build.0 = Debug|Any CPU
		{9179B790-1F77-475F-B6EF-0B567D5CE8E0}.Release|Any CPU.ActiveCfg = Release|Any CPU
		{9179B790-1F77-475F-B6EF-0B567D5CE8E0}.Release|Any CPU.Build.0 = Release|Any CPU
		{C5A05C8F-6BA8-4CE7-9830-0E4870D1E272}.Debug|Any CPU.ActiveCfg = Debug|Any CPU
		{C5A05C8F-6BA8-4CE7-9830-0E4870D1E272}.Debug|Any CPU.Build.0 = Debug|Any CPU
		{C5A05C8F-6BA8-4CE7-9830-0E4870D1E272}.Release|Any CPU.ActiveCfg = Release|Any CPU
		{C5A05C8F-6BA8-4CE7-9830-0E4870D1E272}.Release|Any CPU.Build.0 = Release|Any CPU
		{E7FC9A51-1B39-4BDC-983A-8A059C5FC58B}.Debug|Any CPU.ActiveCfg = Debug|Any CPU
		{E7FC9A51-1B39-4BDC-983A-8A059C5FC58B}.Debug|Any CPU.Build.0 = Debug|Any CPU
		{E7FC9A51-1B39-4BDC-983A-8A059C5FC58B}.Release|Any CPU.ActiveCfg = Release|Any CPU
		{E7FC9A51-1B39-4BDC-983A-8A059C5FC58B}.Release|Any CPU.Build.0 = Release|Any CPU
		{BB168A74-0F1E-43BE-A616-134902238B80}.Debug|Any CPU.ActiveCfg = Debug|Any CPU
		{BB168A74-0F1E-43BE-A616-134902238B80}.Debug|Any CPU.Build.0 = Debug|Any CPU
		{BB168A74-0F1E-43BE-A616-134902238B80}.Release|Any CPU.ActiveCfg = Release|Any CPU
		{BB168A74-0F1E-43BE-A616-134902238B80}.Release|Any CPU.Build.0 = Release|Any CPU
		{E3769352-34C8-41A9-A6C8-DA95D7DFF903}.Debug|Any CPU.ActiveCfg = Debug|Any CPU
		{E3769352-34C8-41A9-A6C8-DA95D7DFF903}.Debug|Any CPU.Build.0 = Debug|Any CPU
		{E3769352-34C8-41A9-A6C8-DA95D7DFF903}.Release|Any CPU.ActiveCfg = Release|Any CPU
		{E3769352-34C8-41A9-A6C8-DA95D7DFF903}.Release|Any CPU.Build.0 = Release|Any CPU
		{039E7914-2925-44C4-ACAD-6BCCFA2A370E}.Debug|Any CPU.ActiveCfg = Debug|Any CPU
		{039E7914-2925-44C4-ACAD-6BCCFA2A370E}.Debug|Any CPU.Build.0 = Debug|Any CPU
		{039E7914-2925-44C4-ACAD-6BCCFA2A370E}.Release|Any CPU.ActiveCfg = Release|Any CPU
		{039E7914-2925-44C4-ACAD-6BCCFA2A370E}.Release|Any CPU.Build.0 = Release|Any CPU
		{9F5493C4-0080-4BB5-9C12-25D0CDBEA2DD}.Debug|Any CPU.ActiveCfg = Debug|Any CPU
		{9F5493C4-0080-4BB5-9C12-25D0CDBEA2DD}.Debug|Any CPU.Build.0 = Debug|Any CPU
		{9F5493C4-0080-4BB5-9C12-25D0CDBEA2DD}.Release|Any CPU.ActiveCfg = Release|Any CPU
		{9F5493C4-0080-4BB5-9C12-25D0CDBEA2DD}.Release|Any CPU.Build.0 = Release|Any CPU
		{4882F43B-AE8D-489B-911B-7F9A1D526715}.Debug|Any CPU.ActiveCfg = Debug|Any CPU
		{4882F43B-AE8D-489B-911B-7F9A1D526715}.Debug|Any CPU.Build.0 = Debug|Any CPU
		{4882F43B-AE8D-489B-911B-7F9A1D526715}.Release|Any CPU.ActiveCfg = Release|Any CPU
		{4882F43B-AE8D-489B-911B-7F9A1D526715}.Release|Any CPU.Build.0 = Release|Any CPU
		{F4831210-2600-444F-8510-2BD825E3F13B}.Debug|Any CPU.ActiveCfg = Debug|Any CPU
		{F4831210-2600-444F-8510-2BD825E3F13B}.Debug|Any CPU.Build.0 = Debug|Any CPU
		{F4831210-2600-444F-8510-2BD825E3F13B}.Release|Any CPU.ActiveCfg = Release|Any CPU
		{F4831210-2600-444F-8510-2BD825E3F13B}.Release|Any CPU.Build.0 = Release|Any CPU
		{7BF794D6-39B2-4A69-9371-F35DF8D53E88}.Debug|Any CPU.ActiveCfg = Debug|Any CPU
		{7BF794D6-39B2-4A69-9371-F35DF8D53E88}.Debug|Any CPU.Build.0 = Debug|Any CPU
		{7BF794D6-39B2-4A69-9371-F35DF8D53E88}.Release|Any CPU.ActiveCfg = Release|Any CPU
		{7BF794D6-39B2-4A69-9371-F35DF8D53E88}.Release|Any CPU.Build.0 = Release|Any CPU
		{BFC7B47D-A7EE-4693-9334-5084C09C3D31}.Debug|Any CPU.ActiveCfg = Debug|Any CPU
		{BFC7B47D-A7EE-4693-9334-5084C09C3D31}.Debug|Any CPU.Build.0 = Debug|Any CPU
		{BFC7B47D-A7EE-4693-9334-5084C09C3D31}.Release|Any CPU.ActiveCfg = Release|Any CPU
		{BFC7B47D-A7EE-4693-9334-5084C09C3D31}.Release|Any CPU.Build.0 = Release|Any CPU
		{1BBC47C6-DB1D-4C85-B5CC-6D48F9ABA146}.Debug|Any CPU.ActiveCfg = Debug|Any CPU
		{1BBC47C6-DB1D-4C85-B5CC-6D48F9ABA146}.Debug|Any CPU.Build.0 = Debug|Any CPU
		{1BBC47C6-DB1D-4C85-B5CC-6D48F9ABA146}.Release|Any CPU.ActiveCfg = Release|Any CPU
		{1BBC47C6-DB1D-4C85-B5CC-6D48F9ABA146}.Release|Any CPU.Build.0 = Release|Any CPU
	EndGlobalSection
	GlobalSection(SolutionProperties) = preSolution
		HideSolutionNode = FALSE
	EndGlobalSection
	GlobalSection(NestedProjects) = preSolution
		{07C352A4-0A88-4050-8CD5-AD447D1A840B} = {9E66CDE9-F510-4431-98C9-6EE65ABF21AB}
		{4BA3E627-5479-4418-B476-DA77FDB60C04} = {61F591D3-DF45-45F5-BFE3-8FB6493A1754}
		{849A7F16-3540-48A8-A9C3-6FFA59C2AA4F} = {61F591D3-DF45-45F5-BFE3-8FB6493A1754}
		{3FE4EB14-557A-46BC-94AD-2E9874F85ACE} = {05B472C9-DC26-446E-818A-5F06024F0F9D}
		{9179B790-1F77-475F-B6EF-0B567D5CE8E0} = {9B6840F4-A407-4196-AF5F-2DDDE62A09F9}
		{C5A05C8F-6BA8-4CE7-9830-0E4870D1E272} = {9B6840F4-A407-4196-AF5F-2DDDE62A09F9}
		{E7FC9A51-1B39-4BDC-983A-8A059C5FC58B} = {4BA3E627-5479-4418-B476-DA77FDB60C04}
		{BB168A74-0F1E-43BE-A616-134902238B80} = {4BA3E627-5479-4418-B476-DA77FDB60C04}
		{E3769352-34C8-41A9-A6C8-DA95D7DFF903} = {EFA31631-5B8D-49B5-996F-CDE9CA4CA519}
		{9B6840F4-A407-4196-AF5F-2DDDE62A09F9} = {849A7F16-3540-48A8-A9C3-6FFA59C2AA4F}
		{05B472C9-DC26-446E-818A-5F06024F0F9D} = {849A7F16-3540-48A8-A9C3-6FFA59C2AA4F}
		{EFA31631-5B8D-49B5-996F-CDE9CA4CA519} = {849A7F16-3540-48A8-A9C3-6FFA59C2AA4F}
		{85848308-F226-499A-BC16-65186BABDCBF} = {849A7F16-3540-48A8-A9C3-6FFA59C2AA4F}
		{8D64865B-8D48-4A7A-89E3-6D2952CE0343} = {849A7F16-3540-48A8-A9C3-6FFA59C2AA4F}
		{039E7914-2925-44C4-ACAD-6BCCFA2A370E} = {85848308-F226-499A-BC16-65186BABDCBF}
		{9F5493C4-0080-4BB5-9C12-25D0CDBEA2DD} = {85848308-F226-499A-BC16-65186BABDCBF}
		{4882F43B-AE8D-489B-911B-7F9A1D526715} = {85848308-F226-499A-BC16-65186BABDCBF}
		{F4831210-2600-444F-8510-2BD825E3F13B} = {8D64865B-8D48-4A7A-89E3-6D2952CE0343}
		{7BF794D6-39B2-4A69-9371-F35DF8D53E88} = {8D64865B-8D48-4A7A-89E3-6D2952CE0343}
		{BFC7B47D-A7EE-4693-9334-5084C09C3D31} = {8D64865B-8D48-4A7A-89E3-6D2952CE0343}
		{1BBC47C6-DB1D-4C85-B5CC-6D48F9ABA146} = {8D64865B-8D48-4A7A-89E3-6D2952CE0343}
	EndGlobalSection
EndGlobal

